// !$*UTF8*$!
{
	archiveVersion = 1;
	classes = {
	};
	objectVersion = 46;
	objects = {

/* Begin PBXBuildFile section */
		3F074AE919D53FB100414039 /* AppDelegate.swift in Sources */ = {isa = PBXBuildFile; fileRef = 3F074AE819D53FB100414039 /* AppDelegate.swift */; };
		3F074AEB19D53FB100414039 /* ViewController.swift in Sources */ = {isa = PBXBuildFile; fileRef = 3F074AEA19D53FB100414039 /* ViewController.swift */; };
		3F074AEE19D53FB100414039 /* Main.storyboard in Resources */ = {isa = PBXBuildFile; fileRef = 3F074AEC19D53FB100414039 /* Main.storyboard */; };
		3F074AF019D53FB100414039 /* Images.xcassets in Resources */ = {isa = PBXBuildFile; fileRef = 3F074AEF19D53FB100414039 /* Images.xcassets */; };
		3F074AF319D53FB100414039 /* LaunchScreen.xib in Resources */ = {isa = PBXBuildFile; fileRef = 3F074AF119D53FB100414039 /* LaunchScreen.xib */; };
		3F074AFF19D53FB100414039 /* showlableTests.swift in Sources */ = {isa = PBXBuildFile; fileRef = 3F074AFE19D53FB100414039 /* showlableTests.swift */; };
		3F074B0919D541F400414039 /* student.swift in Sources */ = {isa = PBXBuildFile; fileRef = 3F074B0819D541F400414039 /* student.swift */; };
/* End PBXBuildFile section */

/* Begin PBXContainerItemProxy section */
		3F074AF919D53FB100414039 /* PBXContainerItemProxy */ = {
			isa = PBXContainerItemProxy;
			containerPortal = 3F074ADB19D53FB100414039 /* Project object */;
			proxyType = 1;
			remoteGlobalIDString = 3F074AE219D53FB100414039;
			remoteInfo = showlable;
		};
/* End PBXContainerItemProxy section */

/* Begin PBXFileReference section */
		3F074AE319D53FB100414039 /* showlable.app */ = {isa = PBXFileReference; explicitFileType = wrapper.application; includeInIndex = 0; path = showlable.app; sourceTree = BUILT_PRODUCTS_DIR; };
		3F074AE719D53FB100414039 /* Info.plist */ = {isa = PBXFileReference; lastKnownFileType = text.plist.xml; path = Info.plist; sourceTree = "<group>"; };
		3F074AE819D53FB100414039 /* AppDelegate.swift */ = {isa = PBXFileReference; lastKnownFileType = sourcecode.swift; path = AppDelegate.swift; sourceTree = "<group>"; };
		3F074AEA19D53FB100414039 /* ViewController.swift */ = {isa = PBXFileReference; lastKnownFileType = sourcecode.swift; path = ViewController.swift; sourceTree = "<group>"; };
		3F074AED19D53FB100414039 /* Base */ = {isa = PBXFileReference; lastKnownFileType = file.storyboard; name = Base; path = Base.lproj/Main.storyboard; sourceTree = "<group>"; };
		3F074AEF19D53FB100414039 /* Images.xcassets */ = {isa = PBXFileReference; lastKnownFileType = folder.assetcatalog; path = Images.xcassets; sourceTree = "<group>"; };
		3F074AF219D53FB100414039 /* Base */ = {isa = PBXFileReference; lastKnownFileType = file.xib; name = Base; path = Base.lproj/LaunchScreen.xib; sourceTree = "<group>"; };
		3F074AF819D53FB100414039 /* showlableTests.xctest */ = {isa = PBXFileReference; explicitFileType = wrapper.cfbundle; includeInIndex = 0; path = showlableTests.xctest; sourceTree = BUILT_PRODUCTS_DIR; };
		3F074AFD19D53FB100414039 /* Info.plist */ = {isa = PBXFileReference; lastKnownFileType = text.plist.xml; path = Info.plist; sourceTree = "<group>"; };
		3F074AFE19D53FB100414039 /* showlableTests.swift */ = {isa = PBXFileReference; lastKnownFileType = sourcecode.swift; path = showlableTests.swift; sourceTree = "<group>"; };
		3F074B0819D541F400414039 /* student.swift */ = {isa = PBXFileReference; fileEncoding = 4; lastKnownFileType = sourcecode.swift; path = student.swift; sourceTree = "<group>"; };
/* End PBXFileReference section */

/* Begin PBXFrameworksBuildPhase section */
		3F074AE019D53FB100414039 /* Frameworks */ = {
			isa = PBXFrameworksBuildPhase;
			buildActionMask = 2147483647;
			files = (
			);
			runOnlyForDeploymentPostprocessing = 0;
		};
		3F074AF519D53FB100414039 /* Frameworks */ = {
			isa = PBXFrameworksBuildPhase;
			buildActionMask = 2147483647;
			files = (
			);
			runOnlyForDeploymentPostprocessing = 0;
		};
/* End PBXFrameworksBuildPhase section */

/* Begin PBXGroup section */
		3F074ADA19D53FB100414039 = {
			isa = PBXGroup;
			children = (
				3F074AE519D53FB100414039 /* showlable */,
				3F074AFB19D53FB100414039 /* showlableTests */,
				3F074AE419D53FB100414039 /* Products */,
			);
			sourceTree = "<group>";
		};
		3F074AE419D53FB100414039 /* Products */ = {
			isa = PBXGroup;
			children = (
				3F074AE319D53FB100414039 /* showlable.app */,
				3F074AF819D53FB100414039 /* showlableTests.xctest */,
			);
			name = Products;
			sourceTree = "<group>";
		};
		3F074AE519D53FB100414039 /* showlable */ = {
			isa = PBXGroup;
			children = (
				3F074AE819D53FB100414039 /* AppDelegate.swift */,
				3F074AEA19D53FB100414039 /* ViewController.swift */,
				3F074AEC19D53FB100414039 /* Main.storyboard */,
				3F074B0819D541F400414039 /* student.swift */,
				3F074AEF19D53FB100414039 /* Images.xcassets */,
				3F074AF119D53FB100414039 /* LaunchScreen.xib */,
				3F074AE619D53FB100414039 /* Supporting Files */,
			);
			path = showlable;
			sourceTree = "<group>";
		};
		3F074AE619D53FB100414039 /* Supporting Files */ = {
			isa = PBXGroup;
			children = (
				3F074AE719D53FB100414039 /* Info.plist */,
			);
			name = "Supporting Files";
			sourceTree = "<group>";
		};
		3F074AFB19D53FB100414039 /* showlableTests */ = {
			isa = PBXGroup;
			children = (
				3F074AFE19D53FB100414039 /* showlableTests.swift */,
				3F074AFC19D53FB100414039 /* Supporting Files */,
			);
			path = showlableTests;
			sourceTree = "<group>";
		};
		3F074AFC19D53FB100414039 /* Supporting Files */ = {
			isa = PBXGroup;
			children = (
				3F074AFD19D53FB100414039 /* Info.plist */,
			);
			name = "Supporting Files";
			sourceTree = "<group>";
		};
/* End PBXGroup section */

/* Begin PBXNativeTarget section */
		3F074AE219D53FB100414039 /* showlable */ = {
			isa = PBXNativeTarget;
			buildConfigurationList = 3F074B0219D53FB100414039 /* Build configuration list for PBXNativeTarget "showlable" */;
			buildPhases = (
				3F074ADF19D53FB100414039 /* Sources */,
				3F074AE019D53FB100414039 /* Frameworks */,
				3F074AE119D53FB100414039 /* Resources */,
			);
			buildRules = (
			);
			dependencies = (
			);
			name = showlable;
			productName = showlable;
			productReference = 3F074AE319D53FB100414039 /* showlable.app */;
			productType = "com.apple.product-type.application";
		};
		3F074AF719D53FB100414039 /* showlableTests */ = {
			isa = PBXNativeTarget;
			buildConfigurationList = 3F074B0519D53FB100414039 /* Build configuration list for PBXNativeTarget "showlableTests" */;
			buildPhases = (
				3F074AF419D53FB100414039 /* Sources */,
				3F074AF519D53FB100414039 /* Frameworks */,
				3F074AF619D53FB100414039 /* Resources */,
			);
			buildRules = (
			);
			dependencies = (
				3F074AFA19D53FB100414039 /* PBXTargetDependency */,
			);
			name = showlableTests;
			productName = showlableTests;
			productReference = 3F074AF819D53FB100414039 /* showlableTests.xctest */;
			productType = "com.apple.product-type.bundle.unit-test";
		};
/* End PBXNativeTarget section */

/* Begin PBXProject section */
		3F074ADB19D53FB100414039 /* Project object */ = {
			isa = PBXProject;
			attributes = {
				LastUpgradeCheck = 0600;
				ORGANIZATIONNAME = student;
				TargetAttributes = {
					3F074AE219D53FB100414039 = {
						CreatedOnToolsVersion = 6.0;
					};
					3F074AF719D53FB100414039 = {
						CreatedOnToolsVersion = 6.0;
						TestTargetID = 3F074AE219D53FB100414039;
					};
				};
			};
			buildConfigurationList = 3F074ADE19D53FB100414039 /* Build configuration list for PBXProject "showlable" */;
			compatibilityVersion = "Xcode 3.2";
			developmentRegion = English;
			hasScannedForEncodings = 0;
			knownRegions = (
				en,
				Base,
			);
			mainGroup = 3F074ADA19D53FB100414039;
			productRefGroup = 3F074AE419D53FB100414039 /* Products */;
			projectDirPath = "";
			projectRoot = "";
			targets = (
				3F074AE219D53FB100414039 /* showlable */,
				3F074AF719D53FB100414039 /* showlableTests */,
			);
		};
/* End PBXProject section */

/* Begin PBXResourcesBuildPhase section */
		3F074AE119D53FB100414039 /* Resources */ = {
			isa = PBXResourcesBuildPhase;
			buildActionMask = 2147483647;
			files = (
				3F074AEE19D53FB100414039 /* Main.storyboard in Resources */,
				3F074AF319D53FB100414039 /* LaunchScreen.xib in Resources */,
				3F074AF019D53FB100414039 /* Images.xcassets in Resources */,
			);
			runOnlyForDeploymentPostprocessing = 0;
		};
		3F074AF619D53FB100414039 /* Resources */ = {
			isa = PBXResourcesBuildPhase;
			buildActionMask = 2147483647;
			files = (
			);
			runOnlyForDeploymentPostprocessing = 0;
		};
/* End PBXResourcesBuildPhase section */

/* Begin PBXSourcesBuildPhase section */
		3F074ADF19D53FB100414039 /* Sources */ = {
			isa = PBXSourcesBuildPhase;
			buildActionMask = 2147483647;
			files = (
				3F074AEB19D53FB100414039 /* ViewController.swift in Sources */,
				3F074AE919D53FB100414039 /* AppDelegate.swift in Sources */,
				3F074B0919D541F400414039 /* student.swift in Sources */,
			);
			runOnlyForDeploymentPostprocessing = 0;
		};
		3F074AF419D53FB100414039 /* Sources */ = {
			isa = PBXSourcesBuildPhase;
			buildActionMask = 2147483647;
			files = (
				3F074AFF19D53FB100414039 /* showlableTests.swift in Sources */,
			);
			runOnlyForDeploymentPostprocessing = 0;
		};
/* End PBXSourcesBuildPhase section */

/* Begin PBXTargetDependency section */
		3F074AFA19D53FB100414039 /* PBXTargetDependency */ = {
			isa = PBXTargetDependency;
			target = 3F074AE219D53FB100414039 /* showlable */;
			targetProxy = 3F074AF919D53FB100414039 /* PBXContainerItemProxy */;
		};
/* End PBXTargetDependency section */

/* Begin PBXVariantGroup section */
		3F074AEC19D53FB100414039 /* Main.storyboard */ = {
			isa = PBXVariantGroup;
			children = (
				3F074AED19D53FB100414039 /* Base */,
			);
			name = Main.storyboard;
			sourceTree = "<group>";
		};
		3F074AF119D53FB100414039 /* LaunchScreen.xib */ = {
			isa = PBXVariantGroup;
			children = (
				3F074AF219D53FB100414039 /* Base */,
			);
			name = LaunchScreen.xib;
			sourceTree = "<group>";
		};
/* End PBXVariantGroup section */

/* Begin XCBuildConfiguration section */
		3F074B0019D53FB100414039 /* Debug */ = {
			isa = XCBuildConfiguration;
			buildSettings = {
				ALWAYS_SEARCH_USER_PATHS = NO;
				CLANG_CXX_LANGUAGE_STANDARD = "gnu++0x";
				CLANG_CXX_LIBRARY = "libc++";
				CLANG_ENABLE_MODULES = YES;
				CLANG_ENABLE_OBJC_ARC = YES;
				CLANG_WARN_BOOL_CONVERSION = YES;
				CLANG_WARN_CONSTANT_CONVERSION = YES;
				CLANG_WARN_DIRECT_OBJC_ISA_USAGE = YES_ERROR;
				CLANG_WARN_EMPTY_BODY = YES;
				CLANG_WARN_ENUM_CONVERSION = YES;
				CLANG_WARN_INT_CONVERSION = YES;
				CLANG_WARN_OBJC_ROOT_CLASS = YES_ERROR;
				CLANG_WARN_UNREACHABLE_CODE = YES;
				CLANG_WARN__DUPLICATE_METHOD_MATCH = YES;
				"CODE_SIGN_IDENTITY[sdk=iphoneos*]" = "iPhone Developer";
				COPY_PHASE_STRIP = NO;
				ENABLE_STRICT_OBJC_MSGSEND = YES;
				GCC_C_LANGUAGE_STANDARD = gnu99;
				GCC_DYNAMIC_NO_PIC = NO;
				GCC_OPTIMIZATION_LEVEL = 0;
				GCC_PREPROCESSOR_DEFINITIONS = (
					"DEBUG=1",
					"$(inherited)",
				);
				GCC_SYMBOLS_PRIVATE_EXTERN = NO;
				GCC_WARN_64_TO_32_BIT_CONVERSION = YES;
				GCC_WARN_ABOUT_RETURN_TYPE = YES_ERROR;
				GCC_WARN_UNDECLARED_SELECTOR = YES;
				GCC_WARN_UNINITIALIZED_AUTOS = YES_AGGRESSIVE;
				GCC_WARN_UNUSED_FUNCTION = YES;
				GCC_WARN_UNUSED_VARIABLE = YES;
				IPHONEOS_DEPLOYMENT_TARGET = 8.0;
				MTL_ENABLE_DEBUG_INFO = YES;
				ONLY_ACTIVE_ARCH = YES;
				SDKROOT = iphoneos;
				SWIFT_OPTIMIZATION_LEVEL = "-Onone";
			};
			name = Debug;
		};
		3F074B0119D53FB100414039 /* Release */ = {
			isa = XCBuildConfiguration;
			buildSettings = {
				ALWAYS_SEARCH_USER_PATHS = NO;
				CLANG_CXX_LANGUAGE_STANDARD = "gnu++0x";
				CLANG_CXX_LIBRARY = "libc++";
				CLANG_ENABLE_MODULES = YES;
				CLANG_ENABLE_OBJC_ARC = YES;
				CLANG_WARN_BOOL_CONVERSION = YES;
				CLANG_WARN_CONSTANT_CONVERSION = YES;
				CLANG_WARN_DIRECT_OBJC_ISA_USAGE = YES_ERROR;
				CLANG_WARN_EMPTY_BODY = YES;
				CLANG_WARN_ENUM_CONVERSION = YES;
				CLANG_WARN_INT_CONVERSION = YES;
				CLANG_WARN_OBJC_ROOT_CLASS = YES_ERROR;
				CLANG_WARN_UNREACHABLE_CODE = YES;
				CLANG_WARN__DUPLICATE_METHOD_MATCH = YES;
				"CODE_SIGN_IDENTITY[sdk=iphoneos*]" = "iPhone Developer";
				COPY_PHASE_STRIP = YES;
				ENABLE_NS_ASSERTIONS = NO;
				ENABLE_STRICT_OBJC_MSGSEND = YES;
				GCC_C_LANGUAGE_STANDARD = gnu99;
				GCC_WARN_64_TO_32_BIT_CONVERSION = YES;
				GCC_WARN_ABOUT_RETURN_TYPE = YES_ERROR;
				GCC_WARN_UNDECLARED_SELECTOR = YES;
				GCC_WARN_UNINITIALIZED_AUTOS = YES_AGGRESSIVE;
				GCC_WARN_UNUSED_FUNCTION = YES;
				GCC_WARN_UNUSED_VARIABLE = YES;
				IPHONEOS_DEPLOYMENT_TARGET = 8.0;
				MTL_ENABLE_DEBUG_INFO = NO;
				SDKROOT = iphoneos;
				VALIDATE_PRODUCT = YES;
			};
			name = Release;
		};
		3F074B0319D53FB100414039 /* Debug */ = {
			isa = XCBuildConfiguration;
			buildSettings = {
				ASSETCATALOG_COMPILER_APPICON_NAME = AppIcon;
				INFOPLIST_FILE = showlable/Info.plist;
				LD_RUNPATH_SEARCH_PATHS = "$(inherited) @executable_path/Frameworks";
				PRODUCT_NAME = "$(TARGET_NAME)";
			};
			name = Debug;
		};
		3F074B0419D53FB100414039 /* Release */ = {
			isa = XCBuildConfiguration;
			buildSettings = {
				ASSETCATALOG_COMPILER_APPICON_NAME = AppIcon;
				INFOPLIST_FILE = showlable/Info.plist;
				LD_RUNPATH_SEARCH_PATHS = "$(inherited) @executable_path/Frameworks";
				PRODUCT_NAME = "$(TARGET_NAME)";
			};
			name = Release;
		};
		3F074B0619D53FB100414039 /* Debug */ = {
			isa = XCBuildConfiguration;
			buildSettings = {
				BUNDLE_LOADER = "$(TEST_HOST)";
				FRAMEWORK_SEARCH_PATHS = (
					"$(SDKROOT)/Developer/Library/Frameworks",
					"$(inherited)",
				);
				GCC_PREPROCESSOR_DEFINITIONS = (
					"DEBUG=1",
					"$(inherited)",
				);
				INFOPLIST_FILE = showlableTests/Info.plist;
				LD_RUNPATH_SEARCH_PATHS = "$(inherited) @executable_path/Frameworks @loader_path/Frameworks";
				PRODUCT_NAME = "$(TARGET_NAME)";
				TEST_HOST = "$(BUILT_PRODUCTS_DIR)/showlable.app/showlable";
			};
			name = Debug;
		};
		3F074B0719D53FB100414039 /* Release */ = {
			isa = XCBuildConfiguration;
			buildSettings = {
				BUNDLE_LOADER = "$(TEST_HOST)";
				FRAMEWORK_SEARCH_PATHS = (
					"$(SDKROOT)/Developer/Library/Frameworks",
					"$(inherited)",
				);
				INFOPLIST_FILE = showlableTests/Info.plist;
				LD_RUNPATH_SEARCH_PATHS = "$(inherited) @executable_path/Frameworks @loader_path/Frameworks";
				PRODUCT_NAME = "$(TARGET_NAME)";
				TEST_HOST = "$(BUILT_PRODUCTS_DIR)/showlable.app/showlable";
			};
			name = Release;
		};
/* End XCBuildConfiguration section */

/* Begin XCConfigurationList section */
		3F074ADE19D53FB100414039 /* Build configuration list for PBXProject "showlable" */ = {
			isa = XCConfigurationList;
			buildConfigurations = (
				3F074B0019D53FB100414039 /* Debug */,
				3F074B0119D53FB100414039 /* Release */,
			);
			defaultConfigurationIsVisible = 0;
			defaultConfigurationName = Release;
		};
		3F074B0219D53FB100414039 /* Build configuration list for PBXNativeTarget "showlable" */ = {
			isa = XCConfigurationList;
			buildConfigurations = (
				3F074B0319D53FB100414039 /* Debug */,
				3F074B0419D53FB100414039 /* Release */,
			);
			defaultConfigurationIsVisible = 0;
		};
		3F074B0519D53FB100414039 /* Build configuration list for PBXNativeTarget "showlableTests" */ = {
			isa = XCConfigurationList;
			buildConfigurations = (
				3F074B0619D53FB100414039 /* Debug */,
				3F074B0719D53FB100414039 /* Release */,
			);
			defaultConfigurationIsVisible = 0;
		};
/* End XCConfigurationList section */
	};
	rootObject = 3F074ADB19D53FB100414039 /* Project object */;
}
