// !$*UTF8*$!
{
	archiveVersion = 1;
	classes = {
	};
	objectVersion = 46;
	objects = {

/* Begin PBXBuildFile section */
		3F1C065019C2E6AF00EB41BC /* TipCalcultorModel.swift in Sources */ = {isa = PBXBuildFile; fileRef = 3F1C064F19C2E6AF00EB41BC /* TipCalcultorModel.swift */; };
		3FBBEA2A19C2C839006BBC43 /* AppDelegate.swift in Sources */ = {isa = PBXBuildFile; fileRef = 3FBBEA2919C2C839006BBC43 /* AppDelegate.swift */; };
		3FBBEA2C19C2C839006BBC43 /* ViewController.swift in Sources */ = {isa = PBXBuildFile; fileRef = 3FBBEA2B19C2C839006BBC43 /* ViewController.swift */; };
		3FBBEA2F19C2C839006BBC43 /* Main.storyboard in Resources */ = {isa = PBXBuildFile; fileRef = 3FBBEA2D19C2C839006BBC43 /* Main.storyboard */; };
		3FBBEA3119C2C839006BBC43 /* Images.xcassets in Resources */ = {isa = PBXBuildFile; fileRef = 3FBBEA3019C2C839006BBC43 /* Images.xcassets */; };
		3FBBEA4719C2C90F006BBC43 /* File.swift in Sources */ = {isa = PBXBuildFile; fileRef = 3FBBEA4619C2C90F006BBC43 /* File.swift */; };
/* End PBXBuildFile section */

/* Begin PBXContainerItemProxy section */
		3FBBEA3719C2C839006BBC43 /* PBXContainerItemProxy */ = {
			isa = PBXContainerItemProxy;
			containerPortal = 3FBBEA1C19C2C838006BBC43 /* Project object */;
			proxyType = 1;
			remoteGlobalIDString = 3FBBEA2319C2C838006BBC43;
			remoteInfo = TipCalcultor;
		};
/* End PBXContainerItemProxy section */

/* Begin PBXFileReference section */
		3F1C064F19C2E6AF00EB41BC /* TipCalcultorModel.swift */ = {isa = PBXFileReference; fileEncoding = 4; lastKnownFileType = sourcecode.swift; path = TipCalcultorModel.swift; sourceTree = "<group>"; };
		3FBBEA2419C2C838006BBC43 /* TipCalcultor.app */ = {isa = PBXFileReference; explicitFileType = wrapper.application; includeInIndex = 0; path = TipCalcultor.app; sourceTree = BUILT_PRODUCTS_DIR; };
		3FBBEA2819C2C839006BBC43 /* Info.plist */ = {isa = PBXFileReference; lastKnownFileType = text.plist.xml; path = Info.plist; sourceTree = "<group>"; };
		3FBBEA2919C2C839006BBC43 /* AppDelegate.swift */ = {isa = PBXFileReference; lastKnownFileType = sourcecode.swift; path = AppDelegate.swift; sourceTree = "<group>"; };
		3FBBEA2B19C2C839006BBC43 /* ViewController.swift */ = {isa = PBXFileReference; lastKnownFileType = sourcecode.swift; path = ViewController.swift; sourceTree = "<group>"; };
		3FBBEA2E19C2C839006BBC43 /* Base */ = {isa = PBXFileReference; lastKnownFileType = file.storyboard; name = Base; path = Base.lproj/Main.storyboard; sourceTree = "<group>"; };
		3FBBEA3019C2C839006BBC43 /* Images.xcassets */ = {isa = PBXFileReference; lastKnownFileType = folder.assetcatalog; path = Images.xcassets; sourceTree = "<group>"; };
		3FBBEA3619C2C839006BBC43 /* TipCalcultorTests.xctest */ = {isa = PBXFileReference; explicitFileType = wrapper.cfbundle; includeInIndex = 0; path = TipCalcultorTests.xctest; sourceTree = BUILT_PRODUCTS_DIR; };
		3FBBEA4619C2C90F006BBC43 /* File.swift */ = {isa = PBXFileReference; fileEncoding = 4; lastKnownFileType = sourcecode.swift; path = File.swift; sourceTree = "<group>"; };
/* End PBXFileReference section */

/* Begin PBXFrameworksBuildPhase section */
		3FBBEA2119C2C838006BBC43 /* Frameworks */ = {
			isa = PBXFrameworksBuildPhase;
			buildActionMask = 2147483647;
			files = (
			);
			runOnlyForDeploymentPostprocessing = 0;
		};
		3FBBEA3319C2C839006BBC43 /* Frameworks */ = {
			isa = PBXFrameworksBuildPhase;
			buildActionMask = 2147483647;
			files = (
			);
			runOnlyForDeploymentPostprocessing = 0;
		};
/* End PBXFrameworksBuildPhase section */

/* Begin PBXGroup section */
		3FAE2FC319C2DC9C00C1559D /* TipCalcultor */ = {
			isa = PBXGroup;
			children = (
			);
			name = TipCalcultor;
			sourceTree = "<group>";
		};
		3FBBEA1B19C2C838006BBC43 = {
			isa = PBXGroup;
			children = (
				3FBBEA4619C2C90F006BBC43 /* File.swift */,
				3FBBEA2619C2C838006BBC43 /* TipCalcultor */,
				3FBBEA2519C2C838006BBC43 /* Products */,
			);
			sourceTree = "<group>";
		};
		3FBBEA2519C2C838006BBC43 /* Products */ = {
			isa = PBXGroup;
			children = (
				3FBBEA2419C2C838006BBC43 /* TipCalcultor.app */,
				3FBBEA3619C2C839006BBC43 /* TipCalcultorTests.xctest */,
			);
			name = Products;
			sourceTree = "<group>";
		};
		3FBBEA2619C2C838006BBC43 /* TipCalcultor */ = {
			isa = PBXGroup;
			children = (
				3FAE2FC319C2DC9C00C1559D /* TipCalcultor */,
				3FBBEA2919C2C839006BBC43 /* AppDelegate.swift */,
				3FBBEA2B19C2C839006BBC43 /* ViewController.swift */,
				3FBBEA2D19C2C839006BBC43 /* Main.storyboard */,
				3FBBEA3019C2C839006BBC43 /* Images.xcassets */,
				3FBBEA2719C2C838006BBC43 /* Supporting Files */,
			);
			path = TipCalcultor;
			sourceTree = "<group>";
		};
		3FBBEA2719C2C838006BBC43 /* Supporting Files */ = {
			isa = PBXGroup;
			children = (
				3FBBEA2819C2C839006BBC43 /* Info.plist */,
				3F1C064F19C2E6AF00EB41BC /* TipCalcultorModel.swift */,
			);
			name = "Supporting Files";
			sourceTree = "<group>";
		};
/* End PBXGroup section */

/* Begin PBXNativeTarget section */
		3FBBEA2319C2C838006BBC43 /* TipCalcultor */ = {
			isa = PBXNativeTarget;
			buildConfigurationList = 3FBBEA4019C2C839006BBC43 /* Build configuration list for PBXNativeTarget "TipCalcultor" */;
			buildPhases = (
				3FBBEA2019C2C838006BBC43 /* Sources */,
				3FBBEA2119C2C838006BBC43 /* Frameworks */,
				3FBBEA2219C2C838006BBC43 /* Resources */,
			);
			buildRules = (
			);
			dependencies = (
			);
			name = TipCalcultor;
			productName = TipCalcultor;
			productReference = 3FBBEA2419C2C838006BBC43 /* TipCalcultor.app */;
			productType = "com.apple.product-type.application";
		};
		3FBBEA3519C2C839006BBC43 /* TipCalcultorTests */ = {
			isa = PBXNativeTarget;
			buildConfigurationList = 3FBBEA4319C2C839006BBC43 /* Build configuration list for PBXNativeTarget "TipCalcultorTests" */;
			buildPhases = (
				3FBBEA3219C2C839006BBC43 /* Sources */,
				3FBBEA3319C2C839006BBC43 /* Frameworks */,
				3FBBEA3419C2C839006BBC43 /* Resources */,
			);
			buildRules = (
			);
			dependencies = (
				3FBBEA3819C2C839006BBC43 /* PBXTargetDependency */,
			);
			name = TipCalcultorTests;
			productName = TipCalcultorTests;
			productReference = 3FBBEA3619C2C839006BBC43 /* TipCalcultorTests.xctest */;
			productType = "com.apple.product-type.bundle.unit-test";
		};
/* End PBXNativeTarget section */

/* Begin PBXProject section */
		3FBBEA1C19C2C838006BBC43 /* Project object */ = {
			isa = PBXProject;
			attributes = {
				LastUpgradeCheck = 0600;
				ORGANIZATIONNAME = student;
				TargetAttributes = {
					3FBBEA2319C2C838006BBC43 = {
						CreatedOnToolsVersion = 6.0;
					};
					3FBBEA3519C2C839006BBC43 = {
						CreatedOnToolsVersion = 6.0;
						TestTargetID = 3FBBEA2319C2C838006BBC43;
					};
				};
			};
			buildConfigurationList = 3FBBEA1F19C2C838006BBC43 /* Build configuration list for PBXProject "TipCalcultor" */;
			compatibilityVersion = "Xcode 3.2";
			developmentRegion = English;
			hasScannedForEncodings = 0;
			knownRegions = (
				en,
				Base,
			);
			mainGroup = 3FBBEA1B19C2C838006BBC43;
			productRefGroup = 3FBBEA2519C2C838006BBC43 /* Products */;
			projectDirPath = "";
			projectRoot = "";
			targets = (
				3FBBEA2319C2C838006BBC43 /* TipCalcultor */,
				3FBBEA3519C2C839006BBC43 /* TipCalcultorTests */,
			);
		};
/* End PBXProject section */

/* Begin PBXResourcesBuildPhase section */
		3FBBEA2219C2C838006BBC43 /* Resources */ = {
			isa = PBXResourcesBuildPhase;
			buildActionMask = 2147483647;
			files = (
				3FBBEA2F19C2C839006BBC43 /* Main.storyboard in Resources */,
				3FBBEA3119C2C839006BBC43 /* Images.xcassets in Resources */,
			);
			runOnlyForDeploymentPostprocessing = 0;
		};
		3FBBEA3419C2C839006BBC43 /* Resources */ = {
			isa = PBXResourcesBuildPhase;
			buildActionMask = 2147483647;
			files = (
			);
			runOnlyForDeploymentPostprocessing = 0;
		};
/* End PBXResourcesBuildPhase section */

/* Begin PBXSourcesBuildPhase section */
		3FBBEA2019C2C838006BBC43 /* Sources */ = {
			isa = PBXSourcesBuildPhase;
			buildActionMask = 2147483647;
			files = (
				3F1C065019C2E6AF00EB41BC /* TipCalcultorModel.swift in Sources */,
				3FBBEA2C19C2C839006BBC43 /* ViewController.swift in Sources */,
				3FBBEA4719C2C90F006BBC43 /* File.swift in Sources */,
				3FBBEA2A19C2C839006BBC43 /* AppDelegate.swift in Sources */,
			);
			runOnlyForDeploymentPostprocessing = 0;
		};
		3FBBEA3219C2C839006BBC43 /* Sources */ = {
			isa = PBXSourcesBuildPhase;
			buildActionMask = 2147483647;
			files = (
			);
			runOnlyForDeploymentPostprocessing = 0;
		};
/* End PBXSourcesBuildPhase section */

/* Begin PBXTargetDependency section */
		3FBBEA3819C2C839006BBC43 /* PBXTargetDependency */ = {
			isa = PBXTargetDependency;
			target = 3FBBEA2319C2C838006BBC43 /* TipCalcultor */;
			targetProxy = 3FBBEA3719C2C839006BBC43 /* PBXContainerItemProxy */;
		};
/* End PBXTargetDependency section */

/* Begin PBXVariantGroup section */
		3FBBEA2D19C2C839006BBC43 /* Main.storyboard */ = {
			isa = PBXVariantGroup;
			children = (
				3FBBEA2E19C2C839006BBC43 /* Base */,
			);
			name = Main.storyboard;
			sourceTree = "<group>";
		};
/* End PBXVariantGroup section */

/* Begin XCBuildConfiguration section */
		3FBBEA3E19C2C839006BBC43 /* Debug */ = {
			isa = XCBuildConfiguration;
			buildSettings = {
				ALWAYS_SEARCH_USER_PATHS = NO;
				CLANG_CXX_LANGUAGE_STANDARD = "gnu++0x";
				CLANG_CXX_LIBRARY = "libc++";
				CLANG_ENABLE_MODULES = YES;
				CLANG_ENABLE_OBJC_ARC = YES;
				CLANG_WARN_BOOL_CONVERSION = YES;
				CLANG_WARN_CONSTANT_CONVERSION = YES;
				CLANG_WARN_DIRECT_OBJC_ISA_USAGE = YES_ERROR;
				CLANG_WARN_EMPTY_BODY = YES;
				CLANG_WARN_ENUM_CONVERSION = YES;
				CLANG_WARN_INT_CONVERSION = YES;
				CLANG_WARN_OBJC_ROOT_CLASS = YES_ERROR;
				CLANG_WARN_UNREACHABLE_CODE = YES;
				CLANG_WARN__DUPLICATE_METHOD_MATCH = YES;
				"CODE_SIGN_IDENTITY[sdk=iphoneos*]" = "iPhone Developer";
				COPY_PHASE_STRIP = NO;
				ENABLE_STRICT_OBJC_MSGSEND = YES;
				GCC_C_LANGUAGE_STANDARD = gnu99;
				GCC_DYNAMIC_NO_PIC = NO;
				GCC_OPTIMIZATION_LEVEL = 0;
				GCC_PREPROCESSOR_DEFINITIONS = (
					"DEBUG=1",
					"$(inherited)",
				);
				GCC_SYMBOLS_PRIVATE_EXTERN = NO;
				GCC_WARN_64_TO_32_BIT_CONVERSION = YES;
				GCC_WARN_ABOUT_RETURN_TYPE = YES_ERROR;
				GCC_WARN_UNDECLARED_SELECTOR = YES;
				GCC_WARN_UNINITIALIZED_AUTOS = YES_AGGRESSIVE;
				GCC_WARN_UNUSED_FUNCTION = YES;
				GCC_WARN_UNUSED_VARIABLE = YES;
				IPHONEOS_DEPLOYMENT_TARGET = 8.0;
				MTL_ENABLE_DEBUG_INFO = YES;
				ONLY_ACTIVE_ARCH = YES;
				SDKROOT = iphoneos;
				SWIFT_OPTIMIZATION_LEVEL = "-Onone";
			};
			name = Debug;
		};
		3FBBEA3F19C2C839006BBC43 /* Release */ = {
			isa = XCBuildConfiguration;
			buildSettings = {
				ALWAYS_SEARCH_USER_PATHS = NO;
				CLANG_CXX_LANGUAGE_STANDARD = "gnu++0x";
				CLANG_CXX_LIBRARY = "libc++";
				CLANG_ENABLE_MODULES = YES;
				CLANG_ENABLE_OBJC_ARC = YES;
				CLANG_WARN_BOOL_CONVERSION = YES;
				CLANG_WARN_CONSTANT_CONVERSION = YES;
				CLANG_WARN_DIRECT_OBJC_ISA_USAGE = YES_ERROR;
				CLANG_WARN_EMPTY_BODY = YES;
				CLANG_WARN_ENUM_CONVERSION = YES;
				CLANG_WARN_INT_CONVERSION = YES;
				CLANG_WARN_OBJC_ROOT_CLASS = YES_ERROR;
				CLANG_WARN_UNREACHABLE_CODE = YES;
				CLANG_WARN__DUPLICATE_METHOD_MATCH = YES;
				"CODE_SIGN_IDENTITY[sdk=iphoneos*]" = "iPhone Developer";
				COPY_PHASE_STRIP = YES;
				ENABLE_NS_ASSERTIONS = NO;
				ENABLE_STRICT_OBJC_MSGSEND = YES;
				GCC_C_LANGUAGE_STANDARD = gnu99;
				GCC_WARN_64_TO_32_BIT_CONVERSION = YES;
				GCC_WARN_ABOUT_RETURN_TYPE = YES_ERROR;
				GCC_WARN_UNDECLARED_SELECTOR = YES;
				GCC_WARN_UNINITIALIZED_AUTOS = YES_AGGRESSIVE;
				GCC_WARN_UNUSED_FUNCTION = YES;
				GCC_WARN_UNUSED_VARIABLE = YES;
				IPHONEOS_DEPLOYMENT_TARGET = 8.0;
				MTL_ENABLE_DEBUG_INFO = NO;
				SDKROOT = iphoneos;
				VALIDATE_PRODUCT = YES;
			};
			name = Release;
		};
		3FBBEA4119C2C839006BBC43 /* Debug */ = {
			isa = XCBuildConfiguration;
			buildSettings = {
				ASSETCATALOG_COMPILER_APPICON_NAME = AppIcon;
				ASSETCATALOG_COMPILER_LAUNCHIMAGE_NAME = LaunchImage;
				INFOPLIST_FILE = TipCalcultor/Info.plist;
				LD_RUNPATH_SEARCH_PATHS = "$(inherited) @executable_path/Frameworks";
				PRODUCT_NAME = "$(TARGET_NAME)";
				TARGETED_DEVICE_FAMILY = 1;
			};
			name = Debug;
		};
		3FBBEA4219C2C839006BBC43 /* Release */ = {
			isa = XCBuildConfiguration;
			buildSettings = {
				ASSETCATALOG_COMPILER_APPICON_NAME = AppIcon;
				ASSETCATALOG_COMPILER_LAUNCHIMAGE_NAME = LaunchImage;
				INFOPLIST_FILE = TipCalcultor/Info.plist;
				LD_RUNPATH_SEARCH_PATHS = "$(inherited) @executable_path/Frameworks";
				PRODUCT_NAME = "$(TARGET_NAME)";
				TARGETED_DEVICE_FAMILY = 1;
			};
			name = Release;
		};
		3FBBEA4419C2C839006BBC43 /* Debug */ = {
			isa = XCBuildConfiguration;
			buildSettings = {
				BUNDLE_LOADER = "$(BUILT_PRODUCTS_DIR)/TipCalcultor.app/TipCalcultor";
				FRAMEWORK_SEARCH_PATHS = (
					"$(SDKROOT)/Developer/Library/Frameworks",
					"$(inherited)",
				);
				GCC_PREPROCESSOR_DEFINITIONS = (
					"DEBUG=1",
					"$(inherited)",
				);
				INFOPLIST_FILE = TipCalcultorTests/Info.plist;
				LD_RUNPATH_SEARCH_PATHS = "$(inherited) @executable_path/Frameworks @loader_path/Frameworks";
				PRODUCT_NAME = "$(TARGET_NAME)";
				TEST_HOST = "$(BUNDLE_LOADER)";
			};
			name = Debug;
		};
		3FBBEA4519C2C839006BBC43 /* Release */ = {
			isa = XCBuildConfiguration;
			buildSettings = {
				BUNDLE_LOADER = "$(BUILT_PRODUCTS_DIR)/TipCalcultor.app/TipCalcultor";
				FRAMEWORK_SEARCH_PATHS = (
					"$(SDKROOT)/Developer/Library/Frameworks",
					"$(inherited)",
				);
				INFOPLIST_FILE = TipCalcultorTests/Info.plist;
				LD_RUNPATH_SEARCH_PATHS = "$(inherited) @executable_path/Frameworks @loader_path/Frameworks";
				PRODUCT_NAME = "$(TARGET_NAME)";
				TEST_HOST = "$(BUNDLE_LOADER)";
			};
			name = Release;
		};
/* End XCBuildConfiguration section */

/* Begin XCConfigurationList section */
		3FBBEA1F19C2C838006BBC43 /* Build configuration list for PBXProject "TipCalcultor" */ = {
			isa = XCConfigurationList;
			buildConfigurations = (
				3FBBEA3E19C2C839006BBC43 /* Debug */,
				3FBBEA3F19C2C839006BBC43 /* Release */,
			);
			defaultConfigurationIsVisible = 0;
			defaultConfigurationName = Release;
		};
		3FBBEA4019C2C839006BBC43 /* Build configuration list for PBXNativeTarget "TipCalcultor" */ = {
			isa = XCConfigurationList;
			buildConfigurations = (
				3FBBEA4119C2C839006BBC43 /* Debug */,
				3FBBEA4219C2C839006BBC43 /* Release */,
			);
			defaultConfigurationIsVisible = 0;
			defaultConfigurationName = Release;
		};
		3FBBEA4319C2C839006BBC43 /* Build configuration list for PBXNativeTarget "TipCalcultorTests" */ = {
			isa = XCConfigurationList;
			buildConfigurations = (
				3FBBEA4419C2C839006BBC43 /* Debug */,
				3FBBEA4519C2C839006BBC43 /* Release */,
			);
			defaultConfigurationIsVisible = 0;
			defaultConfigurationName = Release;
		};
/* End XCConfigurationList section */
	};
	rootObject = 3FBBEA1C19C2C838006BBC43 /* Project object */;
}
