// !$*UTF8*$!
{
	archiveVersion = 1;
	classes = {
	};
	objectVersion = 46;
	objects = {

/* Begin PBXBuildFile section */
		3F304FA91A15D65900EB8F1B /* AppDelegate.swift in Sources */ = {isa = PBXBuildFile; fileRef = 3F304FA81A15D65900EB8F1B /* AppDelegate.swift */; };
		3F304FAC1A15D65900EB8F1B /* quiz.xcdatamodeld in Sources */ = {isa = PBXBuildFile; fileRef = 3F304FAA1A15D65900EB8F1B /* quiz.xcdatamodeld */; };
		3F304FAE1A15D65900EB8F1B /* ViewController.swift in Sources */ = {isa = PBXBuildFile; fileRef = 3F304FAD1A15D65900EB8F1B /* ViewController.swift */; };
		3F304FB11A15D65900EB8F1B /* Main.storyboard in Resources */ = {isa = PBXBuildFile; fileRef = 3F304FAF1A15D65900EB8F1B /* Main.storyboard */; };
		3F304FB31A15D65900EB8F1B /* Images.xcassets in Resources */ = {isa = PBXBuildFile; fileRef = 3F304FB21A15D65900EB8F1B /* Images.xcassets */; };
		3F304FB61A15D65900EB8F1B /* LaunchScreen.xib in Resources */ = {isa = PBXBuildFile; fileRef = 3F304FB41A15D65900EB8F1B /* LaunchScreen.xib */; };
		3F304FC21A15D65900EB8F1B /* quizTests.swift in Sources */ = {isa = PBXBuildFile; fileRef = 3F304FC11A15D65900EB8F1B /* quizTests.swift */; };
		3F304FCC1A15DB8B00EB8F1B /* redcar.png in Resources */ = {isa = PBXBuildFile; fileRef = 3F304FCB1A15DB8B00EB8F1B /* redcar.png */; };
/* End PBXBuildFile section */

/* Begin PBXContainerItemProxy section */
		3F304FBC1A15D65900EB8F1B /* PBXContainerItemProxy */ = {
			isa = PBXContainerItemProxy;
			containerPortal = 3F304F9B1A15D65800EB8F1B /* Project object */;
			proxyType = 1;
			remoteGlobalIDString = 3F304FA21A15D65800EB8F1B;
			remoteInfo = quiz;
		};
/* End PBXContainerItemProxy section */

/* Begin PBXFileReference section */
		3F304FA31A15D65900EB8F1B /* quiz.app */ = {isa = PBXFileReference; explicitFileType = wrapper.application; includeInIndex = 0; path = quiz.app; sourceTree = BUILT_PRODUCTS_DIR; };
		3F304FA71A15D65900EB8F1B /* Info.plist */ = {isa = PBXFileReference; lastKnownFileType = text.plist.xml; path = Info.plist; sourceTree = "<group>"; };
		3F304FA81A15D65900EB8F1B /* AppDelegate.swift */ = {isa = PBXFileReference; lastKnownFileType = sourcecode.swift; path = AppDelegate.swift; sourceTree = "<group>"; };
		3F304FAB1A15D65900EB8F1B /* quiz.xcdatamodel */ = {isa = PBXFileReference; lastKnownFileType = wrapper.xcdatamodel; path = quiz.xcdatamodel; sourceTree = "<group>"; };
		3F304FAD1A15D65900EB8F1B /* ViewController.swift */ = {isa = PBXFileReference; lastKnownFileType = sourcecode.swift; path = ViewController.swift; sourceTree = "<group>"; };
		3F304FB01A15D65900EB8F1B /* Base */ = {isa = PBXFileReference; lastKnownFileType = file.storyboard; name = Base; path = Base.lproj/Main.storyboard; sourceTree = "<group>"; };
		3F304FB21A15D65900EB8F1B /* Images.xcassets */ = {isa = PBXFileReference; lastKnownFileType = folder.assetcatalog; path = Images.xcassets; sourceTree = "<group>"; };
		3F304FB51A15D65900EB8F1B /* Base */ = {isa = PBXFileReference; lastKnownFileType = file.xib; name = Base; path = Base.lproj/LaunchScreen.xib; sourceTree = "<group>"; };
		3F304FBB1A15D65900EB8F1B /* quizTests.xctest */ = {isa = PBXFileReference; explicitFileType = wrapper.cfbundle; includeInIndex = 0; path = quizTests.xctest; sourceTree = BUILT_PRODUCTS_DIR; };
		3F304FC01A15D65900EB8F1B /* Info.plist */ = {isa = PBXFileReference; lastKnownFileType = text.plist.xml; path = Info.plist; sourceTree = "<group>"; };
		3F304FC11A15D65900EB8F1B /* quizTests.swift */ = {isa = PBXFileReference; lastKnownFileType = sourcecode.swift; path = quizTests.swift; sourceTree = "<group>"; };
		3F304FCB1A15DB8B00EB8F1B /* redcar.png */ = {isa = PBXFileReference; lastKnownFileType = image.png; path = redcar.png; sourceTree = SOURCE_ROOT; };
/* End PBXFileReference section */

/* Begin PBXFrameworksBuildPhase section */
		3F304FA01A15D65800EB8F1B /* Frameworks */ = {
			isa = PBXFrameworksBuildPhase;
			buildActionMask = 2147483647;
			files = (
			);
			runOnlyForDeploymentPostprocessing = 0;
		};
		3F304FB81A15D65900EB8F1B /* Frameworks */ = {
			isa = PBXFrameworksBuildPhase;
			buildActionMask = 2147483647;
			files = (
			);
			runOnlyForDeploymentPostprocessing = 0;
		};
/* End PBXFrameworksBuildPhase section */

/* Begin PBXGroup section */
		3F304F9A1A15D65800EB8F1B = {
			isa = PBXGroup;
			children = (
				3F304FA51A15D65900EB8F1B /* quiz */,
				3F304FBE1A15D65900EB8F1B /* quizTests */,
				3F304FA41A15D65900EB8F1B /* Products */,
			);
			sourceTree = "<group>";
		};
		3F304FA41A15D65900EB8F1B /* Products */ = {
			isa = PBXGroup;
			children = (
				3F304FA31A15D65900EB8F1B /* quiz.app */,
				3F304FBB1A15D65900EB8F1B /* quizTests.xctest */,
			);
			name = Products;
			sourceTree = "<group>";
		};
		3F304FA51A15D65900EB8F1B /* quiz */ = {
			isa = PBXGroup;
			children = (
				3F304FA81A15D65900EB8F1B /* AppDelegate.swift */,
				3F304FAD1A15D65900EB8F1B /* ViewController.swift */,
				3F304FAF1A15D65900EB8F1B /* Main.storyboard */,
				3F304FB21A15D65900EB8F1B /* Images.xcassets */,
				3F304FB41A15D65900EB8F1B /* LaunchScreen.xib */,
				3F304FAA1A15D65900EB8F1B /* quiz.xcdatamodeld */,
				3F304FA61A15D65900EB8F1B /* Supporting Files */,
			);
			path = quiz;
			sourceTree = "<group>";
		};
		3F304FA61A15D65900EB8F1B /* Supporting Files */ = {
			isa = PBXGroup;
			children = (
				3F304FCB1A15DB8B00EB8F1B /* redcar.png */,
				3F304FA71A15D65900EB8F1B /* Info.plist */,
			);
			name = "Supporting Files";
			sourceTree = "<group>";
		};
		3F304FBE1A15D65900EB8F1B /* quizTests */ = {
			isa = PBXGroup;
			children = (
				3F304FC11A15D65900EB8F1B /* quizTests.swift */,
				3F304FBF1A15D65900EB8F1B /* Supporting Files */,
			);
			path = quizTests;
			sourceTree = "<group>";
		};
		3F304FBF1A15D65900EB8F1B /* Supporting Files */ = {
			isa = PBXGroup;
			children = (
				3F304FC01A15D65900EB8F1B /* Info.plist */,
			);
			name = "Supporting Files";
			sourceTree = "<group>";
		};
/* End PBXGroup section */

/* Begin PBXNativeTarget section */
		3F304FA21A15D65800EB8F1B /* quiz */ = {
			isa = PBXNativeTarget;
			buildConfigurationList = 3F304FC51A15D65900EB8F1B /* Build configuration list for PBXNativeTarget "quiz" */;
			buildPhases = (
				3F304F9F1A15D65800EB8F1B /* Sources */,
				3F304FA01A15D65800EB8F1B /* Frameworks */,
				3F304FA11A15D65800EB8F1B /* Resources */,
			);
			buildRules = (
			);
			dependencies = (
			);
			name = quiz;
			productName = quiz;
			productReference = 3F304FA31A15D65900EB8F1B /* quiz.app */;
			productType = "com.apple.product-type.application";
		};
		3F304FBA1A15D65900EB8F1B /* quizTests */ = {
			isa = PBXNativeTarget;
			buildConfigurationList = 3F304FC81A15D65900EB8F1B /* Build configuration list for PBXNativeTarget "quizTests" */;
			buildPhases = (
				3F304FB71A15D65900EB8F1B /* Sources */,
				3F304FB81A15D65900EB8F1B /* Frameworks */,
				3F304FB91A15D65900EB8F1B /* Resources */,
			);
			buildRules = (
			);
			dependencies = (
				3F304FBD1A15D65900EB8F1B /* PBXTargetDependency */,
			);
			name = quizTests;
			productName = quizTests;
			productReference = 3F304FBB1A15D65900EB8F1B /* quizTests.xctest */;
			productType = "com.apple.product-type.bundle.unit-test";
		};
/* End PBXNativeTarget section */

/* Begin PBXProject section */
		3F304F9B1A15D65800EB8F1B /* Project object */ = {
			isa = PBXProject;
			attributes = {
				LastUpgradeCheck = 0600;
				ORGANIZATIONNAME = student;
				TargetAttributes = {
					3F304FA21A15D65800EB8F1B = {
						CreatedOnToolsVersion = 6.0;
					};
					3F304FBA1A15D65900EB8F1B = {
						CreatedOnToolsVersion = 6.0;
						TestTargetID = 3F304FA21A15D65800EB8F1B;
					};
				};
			};
			buildConfigurationList = 3F304F9E1A15D65800EB8F1B /* Build configuration list for PBXProject "quiz" */;
			compatibilityVersion = "Xcode 3.2";
			developmentRegion = English;
			hasScannedForEncodings = 0;
			knownRegions = (
				en,
				Base,
			);
			mainGroup = 3F304F9A1A15D65800EB8F1B;
			productRefGroup = 3F304FA41A15D65900EB8F1B /* Products */;
			projectDirPath = "";
			projectRoot = "";
			targets = (
				3F304FA21A15D65800EB8F1B /* quiz */,
				3F304FBA1A15D65900EB8F1B /* quizTests */,
			);
		};
/* End PBXProject section */

/* Begin PBXResourcesBuildPhase section */
		3F304FA11A15D65800EB8F1B /* Resources */ = {
			isa = PBXResourcesBuildPhase;
			buildActionMask = 2147483647;
			files = (
				3F304FB11A15D65900EB8F1B /* Main.storyboard in Resources */,
				3F304FCC1A15DB8B00EB8F1B /* redcar.png in Resources */,
				3F304FB61A15D65900EB8F1B /* LaunchScreen.xib in Resources */,
				3F304FB31A15D65900EB8F1B /* Images.xcassets in Resources */,
			);
			runOnlyForDeploymentPostprocessing = 0;
		};
		3F304FB91A15D65900EB8F1B /* Resources */ = {
			isa = PBXResourcesBuildPhase;
			buildActionMask = 2147483647;
			files = (
			);
			runOnlyForDeploymentPostprocessing = 0;
		};
/* End PBXResourcesBuildPhase section */

/* Begin PBXSourcesBuildPhase section */
		3F304F9F1A15D65800EB8F1B /* Sources */ = {
			isa = PBXSourcesBuildPhase;
			buildActionMask = 2147483647;
			files = (
				3F304FAE1A15D65900EB8F1B /* ViewController.swift in Sources */,
				3F304FAC1A15D65900EB8F1B /* quiz.xcdatamodeld in Sources */,
				3F304FA91A15D65900EB8F1B /* AppDelegate.swift in Sources */,
			);
			runOnlyForDeploymentPostprocessing = 0;
		};
		3F304FB71A15D65900EB8F1B /* Sources */ = {
			isa = PBXSourcesBuildPhase;
			buildActionMask = 2147483647;
			files = (
				3F304FC21A15D65900EB8F1B /* quizTests.swift in Sources */,
			);
			runOnlyForDeploymentPostprocessing = 0;
		};
/* End PBXSourcesBuildPhase section */

/* Begin PBXTargetDependency section */
		3F304FBD1A15D65900EB8F1B /* PBXTargetDependency */ = {
			isa = PBXTargetDependency;
			target = 3F304FA21A15D65800EB8F1B /* quiz */;
			targetProxy = 3F304FBC1A15D65900EB8F1B /* PBXContainerItemProxy */;
		};
/* End PBXTargetDependency section */

/* Begin PBXVariantGroup section */
		3F304FAF1A15D65900EB8F1B /* Main.storyboard */ = {
			isa = PBXVariantGroup;
			children = (
				3F304FB01A15D65900EB8F1B /* Base */,
			);
			name = Main.storyboard;
			sourceTree = "<group>";
		};
		3F304FB41A15D65900EB8F1B /* LaunchScreen.xib */ = {
			isa = PBXVariantGroup;
			children = (
				3F304FB51A15D65900EB8F1B /* Base */,
			);
			name = LaunchScreen.xib;
			sourceTree = "<group>";
		};
/* End PBXVariantGroup section */

/* Begin XCBuildConfiguration section */
		3F304FC31A15D65900EB8F1B /* Debug */ = {
			isa = XCBuildConfiguration;
			buildSettings = {
				ALWAYS_SEARCH_USER_PATHS = NO;
				CLANG_CXX_LANGUAGE_STANDARD = "gnu++0x";
				CLANG_CXX_LIBRARY = "libc++";
				CLANG_ENABLE_MODULES = YES;
				CLANG_ENABLE_OBJC_ARC = YES;
				CLANG_WARN_BOOL_CONVERSION = YES;
				CLANG_WARN_CONSTANT_CONVERSION = YES;
				CLANG_WARN_DIRECT_OBJC_ISA_USAGE = YES_ERROR;
				CLANG_WARN_EMPTY_BODY = YES;
				CLANG_WARN_ENUM_CONVERSION = YES;
				CLANG_WARN_INT_CONVERSION = YES;
				CLANG_WARN_OBJC_ROOT_CLASS = YES_ERROR;
				CLANG_WARN_UNREACHABLE_CODE = YES;
				CLANG_WARN__DUPLICATE_METHOD_MATCH = YES;
				"CODE_SIGN_IDENTITY[sdk=iphoneos*]" = "iPhone Developer";
				COPY_PHASE_STRIP = NO;
				ENABLE_STRICT_OBJC_MSGSEND = YES;
				GCC_C_LANGUAGE_STANDARD = gnu99;
				GCC_DYNAMIC_NO_PIC = NO;
				GCC_OPTIMIZATION_LEVEL = 0;
				GCC_PREPROCESSOR_DEFINITIONS = (
					"DEBUG=1",
					"$(inherited)",
				);
				GCC_SYMBOLS_PRIVATE_EXTERN = NO;
				GCC_WARN_64_TO_32_BIT_CONVERSION = YES;
				GCC_WARN_ABOUT_RETURN_TYPE = YES_ERROR;
				GCC_WARN_UNDECLARED_SELECTOR = YES;
				GCC_WARN_UNINITIALIZED_AUTOS = YES_AGGRESSIVE;
				GCC_WARN_UNUSED_FUNCTION = YES;
				GCC_WARN_UNUSED_VARIABLE = YES;
				IPHONEOS_DEPLOYMENT_TARGET = 8.0;
				MTL_ENABLE_DEBUG_INFO = YES;
				ONLY_ACTIVE_ARCH = YES;
				SDKROOT = iphoneos;
				SWIFT_OPTIMIZATION_LEVEL = "-Onone";
			};
			name = Debug;
		};
		3F304FC41A15D65900EB8F1B /* Release */ = {
			isa = XCBuildConfiguration;
			buildSettings = {
				ALWAYS_SEARCH_USER_PATHS = NO;
				CLANG_CXX_LANGUAGE_STANDARD = "gnu++0x";
				CLANG_CXX_LIBRARY = "libc++";
				CLANG_ENABLE_MODULES = YES;
				CLANG_ENABLE_OBJC_ARC = YES;
				CLANG_WARN_BOOL_CONVERSION = YES;
				CLANG_WARN_CONSTANT_CONVERSION = YES;
				CLANG_WARN_DIRECT_OBJC_ISA_USAGE = YES_ERROR;
				CLANG_WARN_EMPTY_BODY = YES;
				CLANG_WARN_ENUM_CONVERSION = YES;
				CLANG_WARN_INT_CONVERSION = YES;
				CLANG_WARN_OBJC_ROOT_CLASS = YES_ERROR;
				CLANG_WARN_UNREACHABLE_CODE = YES;
				CLANG_WARN__DUPLICATE_METHOD_MATCH = YES;
				"CODE_SIGN_IDENTITY[sdk=iphoneos*]" = "iPhone Developer";
				COPY_PHASE_STRIP = YES;
				ENABLE_NS_ASSERTIONS = NO;
				ENABLE_STRICT_OBJC_MSGSEND = YES;
				GCC_C_LANGUAGE_STANDARD = gnu99;
				GCC_WARN_64_TO_32_BIT_CONVERSION = YES;
				GCC_WARN_ABOUT_RETURN_TYPE = YES_ERROR;
				GCC_WARN_UNDECLARED_SELECTOR = YES;
				GCC_WARN_UNINITIALIZED_AUTOS = YES_AGGRESSIVE;
				GCC_WARN_UNUSED_FUNCTION = YES;
				GCC_WARN_UNUSED_VARIABLE = YES;
				IPHONEOS_DEPLOYMENT_TARGET = 8.0;
				MTL_ENABLE_DEBUG_INFO = NO;
				SDKROOT = iphoneos;
				VALIDATE_PRODUCT = YES;
			};
			name = Release;
		};
		3F304FC61A15D65900EB8F1B /* Debug */ = {
			isa = XCBuildConfiguration;
			buildSettings = {
				ASSETCATALOG_COMPILER_APPICON_NAME = AppIcon;
				INFOPLIST_FILE = quiz/Info.plist;
				LD_RUNPATH_SEARCH_PATHS = "$(inherited) @executable_path/Frameworks";
				PRODUCT_NAME = "$(TARGET_NAME)";
			};
			name = Debug;
		};
		3F304FC71A15D65900EB8F1B /* Release */ = {
			isa = XCBuildConfiguration;
			buildSettings = {
				ASSETCATALOG_COMPILER_APPICON_NAME = AppIcon;
				INFOPLIST_FILE = quiz/Info.plist;
				LD_RUNPATH_SEARCH_PATHS = "$(inherited) @executable_path/Frameworks";
				PRODUCT_NAME = "$(TARGET_NAME)";
			};
			name = Release;
		};
		3F304FC91A15D65900EB8F1B /* Debug */ = {
			isa = XCBuildConfiguration;
			buildSettings = {
				BUNDLE_LOADER = "$(TEST_HOST)";
				FRAMEWORK_SEARCH_PATHS = (
					"$(SDKROOT)/Developer/Library/Frameworks",
					"$(inherited)",
				);
				GCC_PREPROCESSOR_DEFINITIONS = (
					"DEBUG=1",
					"$(inherited)",
				);
				INFOPLIST_FILE = quizTests/Info.plist;
				LD_RUNPATH_SEARCH_PATHS = "$(inherited) @executable_path/Frameworks @loader_path/Frameworks";
				PRODUCT_NAME = "$(TARGET_NAME)";
				TEST_HOST = "$(BUILT_PRODUCTS_DIR)/quiz.app/quiz";
			};
			name = Debug;
		};
		3F304FCA1A15D65900EB8F1B /* Release */ = {
			isa = XCBuildConfiguration;
			buildSettings = {
				BUNDLE_LOADER = "$(TEST_HOST)";
				FRAMEWORK_SEARCH_PATHS = (
					"$(SDKROOT)/Developer/Library/Frameworks",
					"$(inherited)",
				);
				INFOPLIST_FILE = quizTests/Info.plist;
				LD_RUNPATH_SEARCH_PATHS = "$(inherited) @executable_path/Frameworks @loader_path/Frameworks";
				PRODUCT_NAME = "$(TARGET_NAME)";
				TEST_HOST = "$(BUILT_PRODUCTS_DIR)/quiz.app/quiz";
			};
			name = Release;
		};
/* End XCBuildConfiguration section */

/* Begin XCConfigurationList section */
		3F304F9E1A15D65800EB8F1B /* Build configuration list for PBXProject "quiz" */ = {
			isa = XCConfigurationList;
			buildConfigurations = (
				3F304FC31A15D65900EB8F1B /* Debug */,
				3F304FC41A15D65900EB8F1B /* Release */,
			);
			defaultConfigurationIsVisible = 0;
			defaultConfigurationName = Release;
		};
		3F304FC51A15D65900EB8F1B /* Build configuration list for PBXNativeTarget "quiz" */ = {
			isa = XCConfigurationList;
			buildConfigurations = (
				3F304FC61A15D65900EB8F1B /* Debug */,
				3F304FC71A15D65900EB8F1B /* Release */,
			);
			defaultConfigurationIsVisible = 0;
		};
		3F304FC81A15D65900EB8F1B /* Build configuration list for PBXNativeTarget "quizTests" */ = {
			isa = XCConfigurationList;
			buildConfigurations = (
				3F304FC91A15D65900EB8F1B /* Debug */,
				3F304FCA1A15D65900EB8F1B /* Release */,
			);
			defaultConfigurationIsVisible = 0;
		};
/* End XCConfigurationList section */

/* Begin XCVersionGroup section */
		3F304FAA1A15D65900EB8F1B /* quiz.xcdatamodeld */ = {
			isa = XCVersionGroup;
			children = (
				3F304FAB1A15D65900EB8F1B /* quiz.xcdatamodel */,
			);
			currentVersion = 3F304FAB1A15D65900EB8F1B /* quiz.xcdatamodel */;
			path = quiz.xcdatamodeld;
			sourceTree = "<group>";
			versionGroupType = wrapper.xcdatamodel;
		};
/* End XCVersionGroup section */
	};
	rootObject = 3F304F9B1A15D65800EB8F1B /* Project object */;
}
