// !$*UTF8*$!
{
	archiveVersion = 1;
	classes = {
	};
	objectVersion = 46;
	objects = {

/* Begin PBXBuildFile section */
		3FF7E2F019DE9365008B4006 /* AppDelegate.swift in Sources */ = {isa = PBXBuildFile; fileRef = 3FF7E2EF19DE9365008B4006 /* AppDelegate.swift */; };
		3FF7E2F219DE9365008B4006 /* ViewController.swift in Sources */ = {isa = PBXBuildFile; fileRef = 3FF7E2F119DE9365008B4006 /* ViewController.swift */; };
		3FF7E2F519DE9365008B4006 /* Main.storyboard in Resources */ = {isa = PBXBuildFile; fileRef = 3FF7E2F319DE9365008B4006 /* Main.storyboard */; };
		3FF7E2F719DE9365008B4006 /* Images.xcassets in Resources */ = {isa = PBXBuildFile; fileRef = 3FF7E2F619DE9365008B4006 /* Images.xcassets */; };
		3FF7E2FA19DE9365008B4006 /* LaunchScreen.xib in Resources */ = {isa = PBXBuildFile; fileRef = 3FF7E2F819DE9365008B4006 /* LaunchScreen.xib */; };
		3FF7E30619DE9365008B4006 /* tableviewTests.swift in Sources */ = {isa = PBXBuildFile; fileRef = 3FF7E30519DE9365008B4006 /* tableviewTests.swift */; };
		3FF7E31019DE93AF008B4006 /* Bus.png in Resources */ = {isa = PBXBuildFile; fileRef = 3FF7E30F19DE93AF008B4006 /* Bus.png */; };
		3FF7E31219DE93B6008B4006 /* Helicopter.png in Resources */ = {isa = PBXBuildFile; fileRef = 3FF7E31119DE93B6008B4006 /* Helicopter.png */; };
		3FF7E31419DE93BD008B4006 /* Truck.png in Resources */ = {isa = PBXBuildFile; fileRef = 3FF7E31319DE93BD008B4006 /* Truck.png */; };
/* End PBXBuildFile section */

/* Begin PBXContainerItemProxy section */
		3FF7E30019DE9365008B4006 /* PBXContainerItemProxy */ = {
			isa = PBXContainerItemProxy;
			containerPortal = 3FF7E2E219DE9365008B4006 /* Project object */;
			proxyType = 1;
			remoteGlobalIDString = 3FF7E2E919DE9365008B4006;
			remoteInfo = tableview;
		};
/* End PBXContainerItemProxy section */

/* Begin PBXFileReference section */
		3FF7E2EA19DE9365008B4006 /* tableview.app */ = {isa = PBXFileReference; explicitFileType = wrapper.application; includeInIndex = 0; path = tableview.app; sourceTree = BUILT_PRODUCTS_DIR; };
		3FF7E2EE19DE9365008B4006 /* Info.plist */ = {isa = PBXFileReference; lastKnownFileType = text.plist.xml; path = Info.plist; sourceTree = "<group>"; };
		3FF7E2EF19DE9365008B4006 /* AppDelegate.swift */ = {isa = PBXFileReference; lastKnownFileType = sourcecode.swift; path = AppDelegate.swift; sourceTree = "<group>"; };
		3FF7E2F119DE9365008B4006 /* ViewController.swift */ = {isa = PBXFileReference; lastKnownFileType = sourcecode.swift; path = ViewController.swift; sourceTree = "<group>"; };
		3FF7E2F419DE9365008B4006 /* Base */ = {isa = PBXFileReference; lastKnownFileType = file.storyboard; name = Base; path = Base.lproj/Main.storyboard; sourceTree = "<group>"; };
		3FF7E2F619DE9365008B4006 /* Images.xcassets */ = {isa = PBXFileReference; lastKnownFileType = folder.assetcatalog; path = Images.xcassets; sourceTree = "<group>"; };
		3FF7E2F919DE9365008B4006 /* Base */ = {isa = PBXFileReference; lastKnownFileType = file.xib; name = Base; path = Base.lproj/LaunchScreen.xib; sourceTree = "<group>"; };
		3FF7E2FF19DE9365008B4006 /* tableviewTests.xctest */ = {isa = PBXFileReference; explicitFileType = wrapper.cfbundle; includeInIndex = 0; path = tableviewTests.xctest; sourceTree = BUILT_PRODUCTS_DIR; };
		3FF7E30419DE9365008B4006 /* Info.plist */ = {isa = PBXFileReference; lastKnownFileType = text.plist.xml; path = Info.plist; sourceTree = "<group>"; };
		3FF7E30519DE9365008B4006 /* tableviewTests.swift */ = {isa = PBXFileReference; lastKnownFileType = sourcecode.swift; path = tableviewTests.swift; sourceTree = "<group>"; };
		3FF7E30F19DE93AF008B4006 /* Bus.png */ = {isa = PBXFileReference; lastKnownFileType = image.png; name = Bus.png; path = ../../../../Downloads/Bus.png; sourceTree = "<group>"; };
		3FF7E31119DE93B6008B4006 /* Helicopter.png */ = {isa = PBXFileReference; lastKnownFileType = image.png; name = Helicopter.png; path = ../../../../Downloads/Helicopter.png; sourceTree = "<group>"; };
		3FF7E31319DE93BD008B4006 /* Truck.png */ = {isa = PBXFileReference; lastKnownFileType = image.png; name = Truck.png; path = ../../../../Downloads/Truck.png; sourceTree = "<group>"; };
/* End PBXFileReference section */

/* Begin PBXFrameworksBuildPhase section */
		3FF7E2E719DE9365008B4006 /* Frameworks */ = {
			isa = PBXFrameworksBuildPhase;
			buildActionMask = 2147483647;
			files = (
			);
			runOnlyForDeploymentPostprocessing = 0;
		};
		3FF7E2FC19DE9365008B4006 /* Frameworks */ = {
			isa = PBXFrameworksBuildPhase;
			buildActionMask = 2147483647;
			files = (
			);
			runOnlyForDeploymentPostprocessing = 0;
		};
/* End PBXFrameworksBuildPhase section */

/* Begin PBXGroup section */
		3FF7E2E119DE9365008B4006 = {
			isa = PBXGroup;
			children = (
				3FF7E2EC19DE9365008B4006 /* tableview */,
				3FF7E30219DE9365008B4006 /* tableviewTests */,
				3FF7E2EB19DE9365008B4006 /* Products */,
			);
			sourceTree = "<group>";
		};
		3FF7E2EB19DE9365008B4006 /* Products */ = {
			isa = PBXGroup;
			children = (
				3FF7E2EA19DE9365008B4006 /* tableview.app */,
				3FF7E2FF19DE9365008B4006 /* tableviewTests.xctest */,
			);
			name = Products;
			sourceTree = "<group>";
		};
		3FF7E2EC19DE9365008B4006 /* tableview */ = {
			isa = PBXGroup;
			children = (
				3FF7E2EF19DE9365008B4006 /* AppDelegate.swift */,
				3FF7E2F119DE9365008B4006 /* ViewController.swift */,
				3FF7E2F319DE9365008B4006 /* Main.storyboard */,
				3FF7E2F619DE9365008B4006 /* Images.xcassets */,
				3FF7E2F819DE9365008B4006 /* LaunchScreen.xib */,
				3FF7E2ED19DE9365008B4006 /* Supporting Files */,
			);
			path = tableview;
			sourceTree = "<group>";
		};
		3FF7E2ED19DE9365008B4006 /* Supporting Files */ = {
			isa = PBXGroup;
			children = (
				3FF7E31319DE93BD008B4006 /* Truck.png */,
				3FF7E30F19DE93AF008B4006 /* Bus.png */,
				3FF7E31119DE93B6008B4006 /* Helicopter.png */,
				3FF7E2EE19DE9365008B4006 /* Info.plist */,
			);
			name = "Supporting Files";
			sourceTree = "<group>";
		};
		3FF7E30219DE9365008B4006 /* tableviewTests */ = {
			isa = PBXGroup;
			children = (
				3FF7E30519DE9365008B4006 /* tableviewTests.swift */,
				3FF7E30319DE9365008B4006 /* Supporting Files */,
			);
			path = tableviewTests;
			sourceTree = "<group>";
		};
		3FF7E30319DE9365008B4006 /* Supporting Files */ = {
			isa = PBXGroup;
			children = (
				3FF7E30419DE9365008B4006 /* Info.plist */,
			);
			name = "Supporting Files";
			sourceTree = "<group>";
		};
/* End PBXGroup section */

/* Begin PBXNativeTarget section */
		3FF7E2E919DE9365008B4006 /* tableview */ = {
			isa = PBXNativeTarget;
			buildConfigurationList = 3FF7E30919DE9365008B4006 /* Build configuration list for PBXNativeTarget "tableview" */;
			buildPhases = (
				3FF7E2E619DE9365008B4006 /* Sources */,
				3FF7E2E719DE9365008B4006 /* Frameworks */,
				3FF7E2E819DE9365008B4006 /* Resources */,
			);
			buildRules = (
			);
			dependencies = (
			);
			name = tableview;
			productName = tableview;
			productReference = 3FF7E2EA19DE9365008B4006 /* tableview.app */;
			productType = "com.apple.product-type.application";
		};
		3FF7E2FE19DE9365008B4006 /* tableviewTests */ = {
			isa = PBXNativeTarget;
			buildConfigurationList = 3FF7E30C19DE9365008B4006 /* Build configuration list for PBXNativeTarget "tableviewTests" */;
			buildPhases = (
				3FF7E2FB19DE9365008B4006 /* Sources */,
				3FF7E2FC19DE9365008B4006 /* Frameworks */,
				3FF7E2FD19DE9365008B4006 /* Resources */,
			);
			buildRules = (
			);
			dependencies = (
				3FF7E30119DE9365008B4006 /* PBXTargetDependency */,
			);
			name = tableviewTests;
			productName = tableviewTests;
			productReference = 3FF7E2FF19DE9365008B4006 /* tableviewTests.xctest */;
			productType = "com.apple.product-type.bundle.unit-test";
		};
/* End PBXNativeTarget section */

/* Begin PBXProject section */
		3FF7E2E219DE9365008B4006 /* Project object */ = {
			isa = PBXProject;
			attributes = {
				LastUpgradeCheck = 0600;
				ORGANIZATIONNAME = student;
				TargetAttributes = {
					3FF7E2E919DE9365008B4006 = {
						CreatedOnToolsVersion = 6.0;
					};
					3FF7E2FE19DE9365008B4006 = {
						CreatedOnToolsVersion = 6.0;
						TestTargetID = 3FF7E2E919DE9365008B4006;
					};
				};
			};
			buildConfigurationList = 3FF7E2E519DE9365008B4006 /* Build configuration list for PBXProject "tableview" */;
			compatibilityVersion = "Xcode 3.2";
			developmentRegion = English;
			hasScannedForEncodings = 0;
			knownRegions = (
				en,
				Base,
			);
			mainGroup = 3FF7E2E119DE9365008B4006;
			productRefGroup = 3FF7E2EB19DE9365008B4006 /* Products */;
			projectDirPath = "";
			projectRoot = "";
			targets = (
				3FF7E2E919DE9365008B4006 /* tableview */,
				3FF7E2FE19DE9365008B4006 /* tableviewTests */,
			);
		};
/* End PBXProject section */

/* Begin PBXResourcesBuildPhase section */
		3FF7E2E819DE9365008B4006 /* Resources */ = {
			isa = PBXResourcesBuildPhase;
			buildActionMask = 2147483647;
			files = (
				3FF7E31219DE93B6008B4006 /* Helicopter.png in Resources */,
				3FF7E31019DE93AF008B4006 /* Bus.png in Resources */,
				3FF7E2F519DE9365008B4006 /* Main.storyboard in Resources */,
				3FF7E31419DE93BD008B4006 /* Truck.png in Resources */,
				3FF7E2FA19DE9365008B4006 /* LaunchScreen.xib in Resources */,
				3FF7E2F719DE9365008B4006 /* Images.xcassets in Resources */,
			);
			runOnlyForDeploymentPostprocessing = 0;
		};
		3FF7E2FD19DE9365008B4006 /* Resources */ = {
			isa = PBXResourcesBuildPhase;
			buildActionMask = 2147483647;
			files = (
			);
			runOnlyForDeploymentPostprocessing = 0;
		};
/* End PBXResourcesBuildPhase section */

/* Begin PBXSourcesBuildPhase section */
		3FF7E2E619DE9365008B4006 /* Sources */ = {
			isa = PBXSourcesBuildPhase;
			buildActionMask = 2147483647;
			files = (
				3FF7E2F219DE9365008B4006 /* ViewController.swift in Sources */,
				3FF7E2F019DE9365008B4006 /* AppDelegate.swift in Sources */,
			);
			runOnlyForDeploymentPostprocessing = 0;
		};
		3FF7E2FB19DE9365008B4006 /* Sources */ = {
			isa = PBXSourcesBuildPhase;
			buildActionMask = 2147483647;
			files = (
				3FF7E30619DE9365008B4006 /* tableviewTests.swift in Sources */,
			);
			runOnlyForDeploymentPostprocessing = 0;
		};
/* End PBXSourcesBuildPhase section */

/* Begin PBXTargetDependency section */
		3FF7E30119DE9365008B4006 /* PBXTargetDependency */ = {
			isa = PBXTargetDependency;
			target = 3FF7E2E919DE9365008B4006 /* tableview */;
			targetProxy = 3FF7E30019DE9365008B4006 /* PBXContainerItemProxy */;
		};
/* End PBXTargetDependency section */

/* Begin PBXVariantGroup section */
		3FF7E2F319DE9365008B4006 /* Main.storyboard */ = {
			isa = PBXVariantGroup;
			children = (
				3FF7E2F419DE9365008B4006 /* Base */,
			);
			name = Main.storyboard;
			sourceTree = "<group>";
		};
		3FF7E2F819DE9365008B4006 /* LaunchScreen.xib */ = {
			isa = PBXVariantGroup;
			children = (
				3FF7E2F919DE9365008B4006 /* Base */,
			);
			name = LaunchScreen.xib;
			sourceTree = "<group>";
		};
/* End PBXVariantGroup section */

/* Begin XCBuildConfiguration section */
		3FF7E30719DE9365008B4006 /* Debug */ = {
			isa = XCBuildConfiguration;
			buildSettings = {
				ALWAYS_SEARCH_USER_PATHS = NO;
				CLANG_CXX_LANGUAGE_STANDARD = "gnu++0x";
				CLANG_CXX_LIBRARY = "libc++";
				CLANG_ENABLE_MODULES = YES;
				CLANG_ENABLE_OBJC_ARC = YES;
				CLANG_WARN_BOOL_CONVERSION = YES;
				CLANG_WARN_CONSTANT_CONVERSION = YES;
				CLANG_WARN_DIRECT_OBJC_ISA_USAGE = YES_ERROR;
				CLANG_WARN_EMPTY_BODY = YES;
				CLANG_WARN_ENUM_CONVERSION = YES;
				CLANG_WARN_INT_CONVERSION = YES;
				CLANG_WARN_OBJC_ROOT_CLASS = YES_ERROR;
				CLANG_WARN_UNREACHABLE_CODE = YES;
				CLANG_WARN__DUPLICATE_METHOD_MATCH = YES;
				"CODE_SIGN_IDENTITY[sdk=iphoneos*]" = "iPhone Developer";
				COPY_PHASE_STRIP = NO;
				ENABLE_STRICT_OBJC_MSGSEND = YES;
				GCC_C_LANGUAGE_STANDARD = gnu99;
				GCC_DYNAMIC_NO_PIC = NO;
				GCC_OPTIMIZATION_LEVEL = 0;
				GCC_PREPROCESSOR_DEFINITIONS = (
					"DEBUG=1",
					"$(inherited)",
				);
				GCC_SYMBOLS_PRIVATE_EXTERN = NO;
				GCC_WARN_64_TO_32_BIT_CONVERSION = YES;
				GCC_WARN_ABOUT_RETURN_TYPE = YES_ERROR;
				GCC_WARN_UNDECLARED_SELECTOR = YES;
				GCC_WARN_UNINITIALIZED_AUTOS = YES_AGGRESSIVE;
				GCC_WARN_UNUSED_FUNCTION = YES;
				GCC_WARN_UNUSED_VARIABLE = YES;
				IPHONEOS_DEPLOYMENT_TARGET = 8.0;
				MTL_ENABLE_DEBUG_INFO = YES;
				ONLY_ACTIVE_ARCH = YES;
				SDKROOT = iphoneos;
				SWIFT_OPTIMIZATION_LEVEL = "-Onone";
			};
			name = Debug;
		};
		3FF7E30819DE9365008B4006 /* Release */ = {
			isa = XCBuildConfiguration;
			buildSettings = {
				ALWAYS_SEARCH_USER_PATHS = NO;
				CLANG_CXX_LANGUAGE_STANDARD = "gnu++0x";
				CLANG_CXX_LIBRARY = "libc++";
				CLANG_ENABLE_MODULES = YES;
				CLANG_ENABLE_OBJC_ARC = YES;
				CLANG_WARN_BOOL_CONVERSION = YES;
				CLANG_WARN_CONSTANT_CONVERSION = YES;
				CLANG_WARN_DIRECT_OBJC_ISA_USAGE = YES_ERROR;
				CLANG_WARN_EMPTY_BODY = YES;
				CLANG_WARN_ENUM_CONVERSION = YES;
				CLANG_WARN_INT_CONVERSION = YES;
				CLANG_WARN_OBJC_ROOT_CLASS = YES_ERROR;
				CLANG_WARN_UNREACHABLE_CODE = YES;
				CLANG_WARN__DUPLICATE_METHOD_MATCH = YES;
				"CODE_SIGN_IDENTITY[sdk=iphoneos*]" = "iPhone Developer";
				COPY_PHASE_STRIP = YES;
				ENABLE_NS_ASSERTIONS = NO;
				ENABLE_STRICT_OBJC_MSGSEND = YES;
				GCC_C_LANGUAGE_STANDARD = gnu99;
				GCC_WARN_64_TO_32_BIT_CONVERSION = YES;
				GCC_WARN_ABOUT_RETURN_TYPE = YES_ERROR;
				GCC_WARN_UNDECLARED_SELECTOR = YES;
				GCC_WARN_UNINITIALIZED_AUTOS = YES_AGGRESSIVE;
				GCC_WARN_UNUSED_FUNCTION = YES;
				GCC_WARN_UNUSED_VARIABLE = YES;
				IPHONEOS_DEPLOYMENT_TARGET = 8.0;
				MTL_ENABLE_DEBUG_INFO = NO;
				SDKROOT = iphoneos;
				VALIDATE_PRODUCT = YES;
			};
			name = Release;
		};
		3FF7E30A19DE9365008B4006 /* Debug */ = {
			isa = XCBuildConfiguration;
			buildSettings = {
				ASSETCATALOG_COMPILER_APPICON_NAME = AppIcon;
				INFOPLIST_FILE = tableview/Info.plist;
				LD_RUNPATH_SEARCH_PATHS = "$(inherited) @executable_path/Frameworks";
				PRODUCT_NAME = "$(TARGET_NAME)";
			};
			name = Debug;
		};
		3FF7E30B19DE9365008B4006 /* Release */ = {
			isa = XCBuildConfiguration;
			buildSettings = {
				ASSETCATALOG_COMPILER_APPICON_NAME = AppIcon;
				INFOPLIST_FILE = tableview/Info.plist;
				LD_RUNPATH_SEARCH_PATHS = "$(inherited) @executable_path/Frameworks";
				PRODUCT_NAME = "$(TARGET_NAME)";
			};
			name = Release;
		};
		3FF7E30D19DE9365008B4006 /* Debug */ = {
			isa = XCBuildConfiguration;
			buildSettings = {
				BUNDLE_LOADER = "$(TEST_HOST)";
				FRAMEWORK_SEARCH_PATHS = (
					"$(SDKROOT)/Developer/Library/Frameworks",
					"$(inherited)",
				);
				GCC_PREPROCESSOR_DEFINITIONS = (
					"DEBUG=1",
					"$(inherited)",
				);
				INFOPLIST_FILE = tableviewTests/Info.plist;
				LD_RUNPATH_SEARCH_PATHS = "$(inherited) @executable_path/Frameworks @loader_path/Frameworks";
				PRODUCT_NAME = "$(TARGET_NAME)";
				TEST_HOST = "$(BUILT_PRODUCTS_DIR)/tableview.app/tableview";
			};
			name = Debug;
		};
		3FF7E30E19DE9365008B4006 /* Release */ = {
			isa = XCBuildConfiguration;
			buildSettings = {
				BUNDLE_LOADER = "$(TEST_HOST)";
				FRAMEWORK_SEARCH_PATHS = (
					"$(SDKROOT)/Developer/Library/Frameworks",
					"$(inherited)",
				);
				INFOPLIST_FILE = tableviewTests/Info.plist;
				LD_RUNPATH_SEARCH_PATHS = "$(inherited) @executable_path/Frameworks @loader_path/Frameworks";
				PRODUCT_NAME = "$(TARGET_NAME)";
				TEST_HOST = "$(BUILT_PRODUCTS_DIR)/tableview.app/tableview";
			};
			name = Release;
		};
/* End XCBuildConfiguration section */

/* Begin XCConfigurationList section */
		3FF7E2E519DE9365008B4006 /* Build configuration list for PBXProject "tableview" */ = {
			isa = XCConfigurationList;
			buildConfigurations = (
				3FF7E30719DE9365008B4006 /* Debug */,
				3FF7E30819DE9365008B4006 /* Release */,
			);
			defaultConfigurationIsVisible = 0;
			defaultConfigurationName = Release;
		};
		3FF7E30919DE9365008B4006 /* Build configuration list for PBXNativeTarget "tableview" */ = {
			isa = XCConfigurationList;
			buildConfigurations = (
				3FF7E30A19DE9365008B4006 /* Debug */,
				3FF7E30B19DE9365008B4006 /* Release */,
			);
			defaultConfigurationIsVisible = 0;
		};
		3FF7E30C19DE9365008B4006 /* Build configuration list for PBXNativeTarget "tableviewTests" */ = {
			isa = XCConfigurationList;
			buildConfigurations = (
				3FF7E30D19DE9365008B4006 /* Debug */,
				3FF7E30E19DE9365008B4006 /* Release */,
			);
			defaultConfigurationIsVisible = 0;
		};
/* End XCConfigurationList section */
	};
	rootObject = 3FF7E2E219DE9365008B4006 /* Project object */;
}
