// !$*UTF8*$!
{
	archiveVersion = 1;
	classes = {
	};
	objectVersion = 46;
	objects = {

/* Begin PBXBuildFile section */
		3FE8473A1A0CBD910023221E /* AppDelegate.swift in Sources */ = {isa = PBXBuildFile; fileRef = 3FE847391A0CBD910023221E /* AppDelegate.swift */; };
		3FE8473D1A0CBD910023221E /* fish.xcdatamodeld in Sources */ = {isa = PBXBuildFile; fileRef = 3FE8473B1A0CBD910023221E /* fish.xcdatamodeld */; };
		3FE8473F1A0CBD910023221E /* ViewController.swift in Sources */ = {isa = PBXBuildFile; fileRef = 3FE8473E1A0CBD910023221E /* ViewController.swift */; };
		3FE847421A0CBD910023221E /* Main.storyboard in Resources */ = {isa = PBXBuildFile; fileRef = 3FE847401A0CBD910023221E /* Main.storyboard */; };
		3FE847441A0CBD910023221E /* Images.xcassets in Resources */ = {isa = PBXBuildFile; fileRef = 3FE847431A0CBD910023221E /* Images.xcassets */; };
		3FE847471A0CBD910023221E /* LaunchScreen.xib in Resources */ = {isa = PBXBuildFile; fileRef = 3FE847451A0CBD910023221E /* LaunchScreen.xib */; };
		3FE847531A0CBD910023221E /* fishTests.swift in Sources */ = {isa = PBXBuildFile; fileRef = 3FE847521A0CBD910023221E /* fishTests.swift */; };
/* End PBXBuildFile section */

/* Begin PBXContainerItemProxy section */
		3FE8474D1A0CBD910023221E /* PBXContainerItemProxy */ = {
			isa = PBXContainerItemProxy;
			containerPortal = 3FE8472C1A0CBD910023221E /* Project object */;
			proxyType = 1;
			remoteGlobalIDString = 3FE847331A0CBD910023221E;
			remoteInfo = fish;
		};
/* End PBXContainerItemProxy section */

/* Begin PBXFileReference section */
		3FE847341A0CBD910023221E /* fish.app */ = {isa = PBXFileReference; explicitFileType = wrapper.application; includeInIndex = 0; path = fish.app; sourceTree = BUILT_PRODUCTS_DIR; };
		3FE847381A0CBD910023221E /* Info.plist */ = {isa = PBXFileReference; lastKnownFileType = text.plist.xml; path = Info.plist; sourceTree = "<group>"; };
		3FE847391A0CBD910023221E /* AppDelegate.swift */ = {isa = PBXFileReference; lastKnownFileType = sourcecode.swift; path = AppDelegate.swift; sourceTree = "<group>"; };
		3FE8473C1A0CBD910023221E /* fish.xcdatamodel */ = {isa = PBXFileReference; lastKnownFileType = wrapper.xcdatamodel; path = fish.xcdatamodel; sourceTree = "<group>"; };
		3FE8473E1A0CBD910023221E /* ViewController.swift */ = {isa = PBXFileReference; lastKnownFileType = sourcecode.swift; path = ViewController.swift; sourceTree = "<group>"; };
		3FE847411A0CBD910023221E /* Base */ = {isa = PBXFileReference; lastKnownFileType = file.storyboard; name = Base; path = Base.lproj/Main.storyboard; sourceTree = "<group>"; };
		3FE847431A0CBD910023221E /* Images.xcassets */ = {isa = PBXFileReference; lastKnownFileType = folder.assetcatalog; path = Images.xcassets; sourceTree = "<group>"; };
		3FE847461A0CBD910023221E /* Base */ = {isa = PBXFileReference; lastKnownFileType = file.xib; name = Base; path = Base.lproj/LaunchScreen.xib; sourceTree = "<group>"; };
		3FE8474C1A0CBD910023221E /* fishTests.xctest */ = {isa = PBXFileReference; explicitFileType = wrapper.cfbundle; includeInIndex = 0; path = fishTests.xctest; sourceTree = BUILT_PRODUCTS_DIR; };
		3FE847511A0CBD910023221E /* Info.plist */ = {isa = PBXFileReference; lastKnownFileType = text.plist.xml; path = Info.plist; sourceTree = "<group>"; };
		3FE847521A0CBD910023221E /* fishTests.swift */ = {isa = PBXFileReference; lastKnownFileType = sourcecode.swift; path = fishTests.swift; sourceTree = "<group>"; };
/* End PBXFileReference section */

/* Begin PBXFrameworksBuildPhase section */
		3FE847311A0CBD910023221E /* Frameworks */ = {
			isa = PBXFrameworksBuildPhase;
			buildActionMask = 2147483647;
			files = (
			);
			runOnlyForDeploymentPostprocessing = 0;
		};
		3FE847491A0CBD910023221E /* Frameworks */ = {
			isa = PBXFrameworksBuildPhase;
			buildActionMask = 2147483647;
			files = (
			);
			runOnlyForDeploymentPostprocessing = 0;
		};
/* End PBXFrameworksBuildPhase section */

/* Begin PBXGroup section */
		3FE8472B1A0CBD910023221E = {
			isa = PBXGroup;
			children = (
				3FE847361A0CBD910023221E /* fish */,
				3FE8474F1A0CBD910023221E /* fishTests */,
				3FE847351A0CBD910023221E /* Products */,
			);
			sourceTree = "<group>";
		};
		3FE847351A0CBD910023221E /* Products */ = {
			isa = PBXGroup;
			children = (
				3FE847341A0CBD910023221E /* fish.app */,
				3FE8474C1A0CBD910023221E /* fishTests.xctest */,
			);
			name = Products;
			sourceTree = "<group>";
		};
		3FE847361A0CBD910023221E /* fish */ = {
			isa = PBXGroup;
			children = (
				3FE847391A0CBD910023221E /* AppDelegate.swift */,
				3FE8473E1A0CBD910023221E /* ViewController.swift */,
				3FE847401A0CBD910023221E /* Main.storyboard */,
				3FE847431A0CBD910023221E /* Images.xcassets */,
				3FE847451A0CBD910023221E /* LaunchScreen.xib */,
				3FE8473B1A0CBD910023221E /* fish.xcdatamodeld */,
				3FE847371A0CBD910023221E /* Supporting Files */,
			);
			path = fish;
			sourceTree = "<group>";
		};
		3FE847371A0CBD910023221E /* Supporting Files */ = {
			isa = PBXGroup;
			children = (
				3FE847381A0CBD910023221E /* Info.plist */,
			);
			name = "Supporting Files";
			sourceTree = "<group>";
		};
		3FE8474F1A0CBD910023221E /* fishTests */ = {
			isa = PBXGroup;
			children = (
				3FE847521A0CBD910023221E /* fishTests.swift */,
				3FE847501A0CBD910023221E /* Supporting Files */,
			);
			path = fishTests;
			sourceTree = "<group>";
		};
		3FE847501A0CBD910023221E /* Supporting Files */ = {
			isa = PBXGroup;
			children = (
				3FE847511A0CBD910023221E /* Info.plist */,
			);
			name = "Supporting Files";
			sourceTree = "<group>";
		};
/* End PBXGroup section */

/* Begin PBXNativeTarget section */
		3FE847331A0CBD910023221E /* fish */ = {
			isa = PBXNativeTarget;
			buildConfigurationList = 3FE847561A0CBD910023221E /* Build configuration list for PBXNativeTarget "fish" */;
			buildPhases = (
				3FE847301A0CBD910023221E /* Sources */,
				3FE847311A0CBD910023221E /* Frameworks */,
				3FE847321A0CBD910023221E /* Resources */,
			);
			buildRules = (
			);
			dependencies = (
			);
			name = fish;
			productName = fish;
			productReference = 3FE847341A0CBD910023221E /* fish.app */;
			productType = "com.apple.product-type.application";
		};
		3FE8474B1A0CBD910023221E /* fishTests */ = {
			isa = PBXNativeTarget;
			buildConfigurationList = 3FE847591A0CBD910023221E /* Build configuration list for PBXNativeTarget "fishTests" */;
			buildPhases = (
				3FE847481A0CBD910023221E /* Sources */,
				3FE847491A0CBD910023221E /* Frameworks */,
				3FE8474A1A0CBD910023221E /* Resources */,
			);
			buildRules = (
			);
			dependencies = (
				3FE8474E1A0CBD910023221E /* PBXTargetDependency */,
			);
			name = fishTests;
			productName = fishTests;
			productReference = 3FE8474C1A0CBD910023221E /* fishTests.xctest */;
			productType = "com.apple.product-type.bundle.unit-test";
		};
/* End PBXNativeTarget section */

/* Begin PBXProject section */
		3FE8472C1A0CBD910023221E /* Project object */ = {
			isa = PBXProject;
			attributes = {
				LastUpgradeCheck = 0600;
				ORGANIZATIONNAME = student;
				TargetAttributes = {
					3FE847331A0CBD910023221E = {
						CreatedOnToolsVersion = 6.0;
					};
					3FE8474B1A0CBD910023221E = {
						CreatedOnToolsVersion = 6.0;
						TestTargetID = 3FE847331A0CBD910023221E;
					};
				};
			};
			buildConfigurationList = 3FE8472F1A0CBD910023221E /* Build configuration list for PBXProject "fish" */;
			compatibilityVersion = "Xcode 3.2";
			developmentRegion = English;
			hasScannedForEncodings = 0;
			knownRegions = (
				en,
				Base,
			);
			mainGroup = 3FE8472B1A0CBD910023221E;
			productRefGroup = 3FE847351A0CBD910023221E /* Products */;
			projectDirPath = "";
			projectRoot = "";
			targets = (
				3FE847331A0CBD910023221E /* fish */,
				3FE8474B1A0CBD910023221E /* fishTests */,
			);
		};
/* End PBXProject section */

/* Begin PBXResourcesBuildPhase section */
		3FE847321A0CBD910023221E /* Resources */ = {
			isa = PBXResourcesBuildPhase;
			buildActionMask = 2147483647;
			files = (
				3FE847421A0CBD910023221E /* Main.storyboard in Resources */,
				3FE847471A0CBD910023221E /* LaunchScreen.xib in Resources */,
				3FE847441A0CBD910023221E /* Images.xcassets in Resources */,
			);
			runOnlyForDeploymentPostprocessing = 0;
		};
		3FE8474A1A0CBD910023221E /* Resources */ = {
			isa = PBXResourcesBuildPhase;
			buildActionMask = 2147483647;
			files = (
			);
			runOnlyForDeploymentPostprocessing = 0;
		};
/* End PBXResourcesBuildPhase section */

/* Begin PBXSourcesBuildPhase section */
		3FE847301A0CBD910023221E /* Sources */ = {
			isa = PBXSourcesBuildPhase;
			buildActionMask = 2147483647;
			files = (
				3FE8473F1A0CBD910023221E /* ViewController.swift in Sources */,
				3FE8473A1A0CBD910023221E /* AppDelegate.swift in Sources */,
				3FE8473D1A0CBD910023221E /* fish.xcdatamodeld in Sources */,
			);
			runOnlyForDeploymentPostprocessing = 0;
		};
		3FE847481A0CBD910023221E /* Sources */ = {
			isa = PBXSourcesBuildPhase;
			buildActionMask = 2147483647;
			files = (
				3FE847531A0CBD910023221E /* fishTests.swift in Sources */,
			);
			runOnlyForDeploymentPostprocessing = 0;
		};
/* End PBXSourcesBuildPhase section */

/* Begin PBXTargetDependency section */
		3FE8474E1A0CBD910023221E /* PBXTargetDependency */ = {
			isa = PBXTargetDependency;
			target = 3FE847331A0CBD910023221E /* fish */;
			targetProxy = 3FE8474D1A0CBD910023221E /* PBXContainerItemProxy */;
		};
/* End PBXTargetDependency section */

/* Begin PBXVariantGroup section */
		3FE847401A0CBD910023221E /* Main.storyboard */ = {
			isa = PBXVariantGroup;
			children = (
				3FE847411A0CBD910023221E /* Base */,
			);
			name = Main.storyboard;
			sourceTree = "<group>";
		};
		3FE847451A0CBD910023221E /* LaunchScreen.xib */ = {
			isa = PBXVariantGroup;
			children = (
				3FE847461A0CBD910023221E /* Base */,
			);
			name = LaunchScreen.xib;
			sourceTree = "<group>";
		};
/* End PBXVariantGroup section */

/* Begin XCBuildConfiguration section */
		3FE847541A0CBD910023221E /* Debug */ = {
			isa = XCBuildConfiguration;
			buildSettings = {
				ALWAYS_SEARCH_USER_PATHS = NO;
				CLANG_CXX_LANGUAGE_STANDARD = "gnu++0x";
				CLANG_CXX_LIBRARY = "libc++";
				CLANG_ENABLE_MODULES = YES;
				CLANG_ENABLE_OBJC_ARC = YES;
				CLANG_WARN_BOOL_CONVERSION = YES;
				CLANG_WARN_CONSTANT_CONVERSION = YES;
				CLANG_WARN_DIRECT_OBJC_ISA_USAGE = YES_ERROR;
				CLANG_WARN_EMPTY_BODY = YES;
				CLANG_WARN_ENUM_CONVERSION = YES;
				CLANG_WARN_INT_CONVERSION = YES;
				CLANG_WARN_OBJC_ROOT_CLASS = YES_ERROR;
				CLANG_WARN_UNREACHABLE_CODE = YES;
				CLANG_WARN__DUPLICATE_METHOD_MATCH = YES;
				"CODE_SIGN_IDENTITY[sdk=iphoneos*]" = "iPhone Developer";
				COPY_PHASE_STRIP = NO;
				ENABLE_STRICT_OBJC_MSGSEND = YES;
				GCC_C_LANGUAGE_STANDARD = gnu99;
				GCC_DYNAMIC_NO_PIC = NO;
				GCC_OPTIMIZATION_LEVEL = 0;
				GCC_PREPROCESSOR_DEFINITIONS = (
					"DEBUG=1",
					"$(inherited)",
				);
				GCC_SYMBOLS_PRIVATE_EXTERN = NO;
				GCC_WARN_64_TO_32_BIT_CONVERSION = YES;
				GCC_WARN_ABOUT_RETURN_TYPE = YES_ERROR;
				GCC_WARN_UNDECLARED_SELECTOR = YES;
				GCC_WARN_UNINITIALIZED_AUTOS = YES_AGGRESSIVE;
				GCC_WARN_UNUSED_FUNCTION = YES;
				GCC_WARN_UNUSED_VARIABLE = YES;
				IPHONEOS_DEPLOYMENT_TARGET = 8.0;
				MTL_ENABLE_DEBUG_INFO = YES;
				ONLY_ACTIVE_ARCH = YES;
				SDKROOT = iphoneos;
				SWIFT_OPTIMIZATION_LEVEL = "-Onone";
			};
			name = Debug;
		};
		3FE847551A0CBD910023221E /* Release */ = {
			isa = XCBuildConfiguration;
			buildSettings = {
				ALWAYS_SEARCH_USER_PATHS = NO;
				CLANG_CXX_LANGUAGE_STANDARD = "gnu++0x";
				CLANG_CXX_LIBRARY = "libc++";
				CLANG_ENABLE_MODULES = YES;
				CLANG_ENABLE_OBJC_ARC = YES;
				CLANG_WARN_BOOL_CONVERSION = YES;
				CLANG_WARN_CONSTANT_CONVERSION = YES;
				CLANG_WARN_DIRECT_OBJC_ISA_USAGE = YES_ERROR;
				CLANG_WARN_EMPTY_BODY = YES;
				CLANG_WARN_ENUM_CONVERSION = YES;
				CLANG_WARN_INT_CONVERSION = YES;
				CLANG_WARN_OBJC_ROOT_CLASS = YES_ERROR;
				CLANG_WARN_UNREACHABLE_CODE = YES;
				CLANG_WARN__DUPLICATE_METHOD_MATCH = YES;
				"CODE_SIGN_IDENTITY[sdk=iphoneos*]" = "iPhone Developer";
				COPY_PHASE_STRIP = YES;
				ENABLE_NS_ASSERTIONS = NO;
				ENABLE_STRICT_OBJC_MSGSEND = YES;
				GCC_C_LANGUAGE_STANDARD = gnu99;
				GCC_WARN_64_TO_32_BIT_CONVERSION = YES;
				GCC_WARN_ABOUT_RETURN_TYPE = YES_ERROR;
				GCC_WARN_UNDECLARED_SELECTOR = YES;
				GCC_WARN_UNINITIALIZED_AUTOS = YES_AGGRESSIVE;
				GCC_WARN_UNUSED_FUNCTION = YES;
				GCC_WARN_UNUSED_VARIABLE = YES;
				IPHONEOS_DEPLOYMENT_TARGET = 8.0;
				MTL_ENABLE_DEBUG_INFO = NO;
				SDKROOT = iphoneos;
				VALIDATE_PRODUCT = YES;
			};
			name = Release;
		};
		3FE847571A0CBD910023221E /* Debug */ = {
			isa = XCBuildConfiguration;
			buildSettings = {
				ASSETCATALOG_COMPILER_APPICON_NAME = AppIcon;
				INFOPLIST_FILE = fish/Info.plist;
				LD_RUNPATH_SEARCH_PATHS = "$(inherited) @executable_path/Frameworks";
				PRODUCT_NAME = "$(TARGET_NAME)";
			};
			name = Debug;
		};
		3FE847581A0CBD910023221E /* Release */ = {
			isa = XCBuildConfiguration;
			buildSettings = {
				ASSETCATALOG_COMPILER_APPICON_NAME = AppIcon;
				INFOPLIST_FILE = fish/Info.plist;
				LD_RUNPATH_SEARCH_PATHS = "$(inherited) @executable_path/Frameworks";
				PRODUCT_NAME = "$(TARGET_NAME)";
			};
			name = Release;
		};
		3FE8475A1A0CBD910023221E /* Debug */ = {
			isa = XCBuildConfiguration;
			buildSettings = {
				BUNDLE_LOADER = "$(TEST_HOST)";
				FRAMEWORK_SEARCH_PATHS = (
					"$(SDKROOT)/Developer/Library/Frameworks",
					"$(inherited)",
				);
				GCC_PREPROCESSOR_DEFINITIONS = (
					"DEBUG=1",
					"$(inherited)",
				);
				INFOPLIST_FILE = fishTests/Info.plist;
				LD_RUNPATH_SEARCH_PATHS = "$(inherited) @executable_path/Frameworks @loader_path/Frameworks";
				PRODUCT_NAME = "$(TARGET_NAME)";
				TEST_HOST = "$(BUILT_PRODUCTS_DIR)/fish.app/fish";
			};
			name = Debug;
		};
		3FE8475B1A0CBD910023221E /* Release */ = {
			isa = XCBuildConfiguration;
			buildSettings = {
				BUNDLE_LOADER = "$(TEST_HOST)";
				FRAMEWORK_SEARCH_PATHS = (
					"$(SDKROOT)/Developer/Library/Frameworks",
					"$(inherited)",
				);
				INFOPLIST_FILE = fishTests/Info.plist;
				LD_RUNPATH_SEARCH_PATHS = "$(inherited) @executable_path/Frameworks @loader_path/Frameworks";
				PRODUCT_NAME = "$(TARGET_NAME)";
				TEST_HOST = "$(BUILT_PRODUCTS_DIR)/fish.app/fish";
			};
			name = Release;
		};
/* End XCBuildConfiguration section */

/* Begin XCConfigurationList section */
		3FE8472F1A0CBD910023221E /* Build configuration list for PBXProject "fish" */ = {
			isa = XCConfigurationList;
			buildConfigurations = (
				3FE847541A0CBD910023221E /* Debug */,
				3FE847551A0CBD910023221E /* Release */,
			);
			defaultConfigurationIsVisible = 0;
			defaultConfigurationName = Release;
		};
		3FE847561A0CBD910023221E /* Build configuration list for PBXNativeTarget "fish" */ = {
			isa = XCConfigurationList;
			buildConfigurations = (
				3FE847571A0CBD910023221E /* Debug */,
				3FE847581A0CBD910023221E /* Release */,
			);
			defaultConfigurationIsVisible = 0;
		};
		3FE847591A0CBD910023221E /* Build configuration list for PBXNativeTarget "fishTests" */ = {
			isa = XCConfigurationList;
			buildConfigurations = (
				3FE8475A1A0CBD910023221E /* Debug */,
				3FE8475B1A0CBD910023221E /* Release */,
			);
			defaultConfigurationIsVisible = 0;
		};
/* End XCConfigurationList section */

/* Begin XCVersionGroup section */
		3FE8473B1A0CBD910023221E /* fish.xcdatamodeld */ = {
			isa = XCVersionGroup;
			children = (
				3FE8473C1A0CBD910023221E /* fish.xcdatamodel */,
			);
			currentVersion = 3FE8473C1A0CBD910023221E /* fish.xcdatamodel */;
			path = fish.xcdatamodeld;
			sourceTree = "<group>";
			versionGroupType = wrapper.xcdatamodel;
		};
/* End XCVersionGroup section */
	};
	rootObject = 3FE8472C1A0CBD910023221E /* Project object */;
}
